// !$*UTF8*$!
{
	archiveVersion = 1;
	classes = {
	};
	objectVersion = 56;
	objects = {

/* Begin PBXBuildFile section */
		DD0391622AB81B0E00FBA3C9 /* Extensions + UIView.swift in Sources */ = {isa = PBXBuildFile; fileRef = DD0391612AB81B0E00FBA3C9 /* Extensions + UIView.swift */; };
		DD0AE1142AB5795300766EFA /* GoogleService-Info.plist in Resources */ = {isa = PBXBuildFile; fileRef = DD0AE1132AB5795300766EFA /* GoogleService-Info.plist */; };
		DD0AE11C2AB57DA700766EFA /* FirebaseAuth in Frameworks */ = {isa = PBXBuildFile; productRef = DD0AE11B2AB57DA700766EFA /* FirebaseAuth */; };
		DD0AE11E2AB57DA700766EFA /* FirebaseDatabase in Frameworks */ = {isa = PBXBuildFile; productRef = DD0AE11D2AB57DA700766EFA /* FirebaseDatabase */; };
		DD0AE1202AB57DA700766EFA /* FirebaseFirestore in Frameworks */ = {isa = PBXBuildFile; productRef = DD0AE11F2AB57DA700766EFA /* FirebaseFirestore */; };
		DD0AE1222AB57DA700766EFA /* FirebasePerformance in Frameworks */ = {isa = PBXBuildFile; productRef = DD0AE1212AB57DA700766EFA /* FirebasePerformance */; };
		DD0AE1242AB57DA700766EFA /* FirebaseStorage in Frameworks */ = {isa = PBXBuildFile; productRef = DD0AE1232AB57DA700766EFA /* FirebaseStorage */; };
		DD0AE1272AB581B300766EFA /* AuthService.swift in Sources */ = {isa = PBXBuildFile; fileRef = DD0AE1262AB581B300766EFA /* AuthService.swift */; };
		DD0AE1292AB5849A00766EFA /* RegisterUserModel.swift in Sources */ = {isa = PBXBuildFile; fileRef = DD0AE1282AB5849A00766EFA /* RegisterUserModel.swift */; };
		DD1C5C242ABC016A0014E75A /* Extensions + Label.swift in Sources */ = {isa = PBXBuildFile; fileRef = DD1C5C232ABC016A0014E75A /* Extensions + Label.swift */; };
		DD3634102AA9976000F7495F /* GoalsCoordinator.swift in Sources */ = {isa = PBXBuildFile; fileRef = DD36340F2AA9976000F7495F /* GoalsCoordinator.swift */; };
		DD3634122AA9984A00F7495F /* AddCoordinator.swift in Sources */ = {isa = PBXBuildFile; fileRef = DD3634112AA9984A00F7495F /* AddCoordinator.swift */; };
		DD3634142AA998F400F7495F /* AccountCoordinator.swift in Sources */ = {isa = PBXBuildFile; fileRef = DD3634132AA998F400F7495F /* AccountCoordinator.swift */; };
		DD5D42052AC88DEE00FF3581 /* GoalCollectionViewCell.swift in Sources */ = {isa = PBXBuildFile; fileRef = DD5D42042AC88DEE00FF3581 /* GoalCollectionViewCell.swift */; };
		DD7CCB6E2AC3CFBB00877F65 /* ProfileView.swift in Sources */ = {isa = PBXBuildFile; fileRef = DD7CCB6D2AC3CFBB00877F65 /* ProfileView.swift */; };
		DD7CCB702AC3CFD100877F65 /* ProfileViewModel.swift in Sources */ = {isa = PBXBuildFile; fileRef = DD7CCB6F2AC3CFD100877F65 /* ProfileViewModel.swift */; };
		DD7CCB722AC3D7B500877F65 /* ProfileModel.swift in Sources */ = {isa = PBXBuildFile; fileRef = DD7CCB712AC3D7B500877F65 /* ProfileModel.swift */; };
		DD9236A32A8AF514008FD572 /* BudgetCoordinator.swift in Sources */ = {isa = PBXBuildFile; fileRef = DD9236A22A8AF514008FD572 /* BudgetCoordinator.swift */; };
		DD9236A52A8B19F0008FD572 /* Extension+Transition.swift in Sources */ = {isa = PBXBuildFile; fileRef = DD9236A42A8B19F0008FD572 /* Extension+Transition.swift */; };
		DD9D4FE92AC8B5D2004A6CDE /* NewBudgetView.swift in Sources */ = {isa = PBXBuildFile; fileRef = DD9D4FE82AC8B5D2004A6CDE /* NewBudgetView.swift */; };
		DD9D4FEB2AC8B5F0004A6CDE /* NewBudgetViewModel.swift in Sources */ = {isa = PBXBuildFile; fileRef = DD9D4FEA2AC8B5F0004A6CDE /* NewBudgetViewModel.swift */; };
		DDB1F63C2A67A7B00080A148 /* RxCocoa in Frameworks */ = {isa = PBXBuildFile; productRef = DDB1F63B2A67A7B00080A148 /* RxCocoa */; };
		DDB1F63E2A67A7B00080A148 /* RxSwift in Frameworks */ = {isa = PBXBuildFile; productRef = DDB1F63D2A67A7B00080A148 /* RxSwift */; };
		DDB1F6402A67A7D30080A148 /* RegisterViewModel.swift in Sources */ = {isa = PBXBuildFile; fileRef = DDB1F63F2A67A7D30080A148 /* RegisterViewModel.swift */; };
		DDB1F6422A67A7E00080A148 /* RegisterViewModelImpl.swift in Sources */ = {isa = PBXBuildFile; fileRef = DDB1F6412A67A7E00080A148 /* RegisterViewModelImpl.swift */; };
		DDB1F6442A6A53840080A148 /* Extensions + String .swift in Sources */ = {isa = PBXBuildFile; fileRef = DDB1F6432A6A53840080A148 /* Extensions + String .swift */; };
		DDB70CA82ACA6FDF00B25C5F /* MoneyBeeTests.swift in Sources */ = {isa = PBXBuildFile; fileRef = DDB70CA72ACA6FDF00B25C5F /* MoneyBeeTests.swift */; };
		DDB70CB02ACA707C00B25C5F /* LoginViewTests.swift in Sources */ = {isa = PBXBuildFile; fileRef = DDB70CAF2ACA707C00B25C5F /* LoginViewTests.swift */; };
		DDB70CB22AD1CA9300B25C5F /* AuthorizationService.swift in Sources */ = {isa = PBXBuildFile; fileRef = DDB70CB12AD1CA9300B25C5F /* AuthorizationService.swift */; };
		DDDD78D32AAAEC91001B7232 /* Extensions + HeaderView.swift in Sources */ = {isa = PBXBuildFile; fileRef = DDDD78D22AAAEC91001B7232 /* Extensions + HeaderView.swift */; };
		DDDF63DE2A644B1000396F86 /* AppDelegate.swift in Sources */ = {isa = PBXBuildFile; fileRef = DDDF63DD2A644B1000396F86 /* AppDelegate.swift */; };
		DDDF63E02A644B1000396F86 /* SceneDelegate.swift in Sources */ = {isa = PBXBuildFile; fileRef = DDDF63DF2A644B1000396F86 /* SceneDelegate.swift */; };
		DDDF63E72A644B1100396F86 /* Assets.xcassets in Resources */ = {isa = PBXBuildFile; fileRef = DDDF63E62A644B1100396F86 /* Assets.xcassets */; };
		DDDF63EA2A644B1100396F86 /* LaunchScreen.storyboard in Resources */ = {isa = PBXBuildFile; fileRef = DDDF63E82A644B1100396F86 /* LaunchScreen.storyboard */; };
		DDDF63F32A644BA300396F86 /* UserModel.swift in Sources */ = {isa = PBXBuildFile; fileRef = DDDF63F22A644BA300396F86 /* UserModel.swift */; };
		DDDF63F52A644BAF00396F86 /* GoalModel.swift in Sources */ = {isa = PBXBuildFile; fileRef = DDDF63F42A644BAF00396F86 /* GoalModel.swift */; };
		DDDF63FB2A644CA100396F86 /* LoginViewController.swift in Sources */ = {isa = PBXBuildFile; fileRef = DDDF63FA2A644CA100396F86 /* LoginViewController.swift */; };
		DDDF63FD2A644CB000396F86 /* LoginViewModel.swift in Sources */ = {isa = PBXBuildFile; fileRef = DDDF63FC2A644CB000396F86 /* LoginViewModel.swift */; };
		DDDF63FF2A644CBD00396F86 /* LoginViewModelImpl.swift in Sources */ = {isa = PBXBuildFile; fileRef = DDDF63FE2A644CBD00396F86 /* LoginViewModelImpl.swift */; };
		DDDF64022A644D0900396F86 /* Stevia in Frameworks */ = {isa = PBXBuildFile; productRef = DDDF64012A644D0900396F86 /* Stevia */; };
		DDDF64092A644DAE00396F86 /* BudgetViewController.swift in Sources */ = {isa = PBXBuildFile; fileRef = DDDF64082A644DAE00396F86 /* BudgetViewController.swift */; };
		DDDF640B2A644DCF00396F86 /* BudgetTableViewCell.swift in Sources */ = {isa = PBXBuildFile; fileRef = DDDF640A2A644DCF00396F86 /* BudgetTableViewCell.swift */; };
		DDDF640D2A64503B00396F86 /* Extensions + Color.swift in Sources */ = {isa = PBXBuildFile; fileRef = DDDF640C2A64503B00396F86 /* Extensions + Color.swift */; };
		DDDF640F2A64508600396F86 /* Extensions + HideKeyBoard.swift in Sources */ = {isa = PBXBuildFile; fileRef = DDDF640E2A64508600396F86 /* Extensions + HideKeyBoard.swift */; };
		DDDF64112A6450AF00396F86 /* Extension + UIButton.swift in Sources */ = {isa = PBXBuildFile; fileRef = DDDF64102A6450AF00396F86 /* Extension + UIButton.swift */; };
		DDDF64132A6450D000396F86 /* Extension + UIProgressView.swift in Sources */ = {isa = PBXBuildFile; fileRef = DDDF64122A6450D000396F86 /* Extension + UIProgressView.swift */; };
		DDDF64152A6450F500396F86 /* Extensions + Combine_TextField.swift in Sources */ = {isa = PBXBuildFile; fileRef = DDDF64142A6450F500396F86 /* Extensions + Combine_TextField.swift */; };
		DDDF64172A64511300396F86 /* Extension + String.swift in Sources */ = {isa = PBXBuildFile; fileRef = DDDF64162A64511300396F86 /* Extension + String.swift */; };
		DDDF64192A64512A00396F86 /* Extension + Alert.swift in Sources */ = {isa = PBXBuildFile; fileRef = DDDF64182A64512A00396F86 /* Extension + Alert.swift */; };
		DDDF641B2A64514C00396F86 /* Extension + Combine_TapButton.swift in Sources */ = {isa = PBXBuildFile; fileRef = DDDF641A2A64514C00396F86 /* Extension + Combine_TapButton.swift */; };
		DDDF641D2A64543B00396F86 /* BudgetViewModel.swift in Sources */ = {isa = PBXBuildFile; fileRef = DDDF641C2A64543B00396F86 /* BudgetViewModel.swift */; };
		DDDF641F2A64544800396F86 /* BudgetViewModelImpl.swift in Sources */ = {isa = PBXBuildFile; fileRef = DDDF641E2A64544800396F86 /* BudgetViewModelImpl.swift */; };
		DDDF642C2A650F5800396F86 /* RegisterationViewController.swift in Sources */ = {isa = PBXBuildFile; fileRef = DDDF642B2A650F5800396F86 /* RegisterationViewController.swift */; };
		DDECF6D52A721076009094F2 /* AppCoordinator.swift in Sources */ = {isa = PBXBuildFile; fileRef = DDECF6D42A721076009094F2 /* AppCoordinator.swift */; };
		DDECF6D82A7210AF009094F2 /* XCoordinator in Frameworks */ = {isa = PBXBuildFile; productRef = DDECF6D72A7210AF009094F2 /* XCoordinator */; };
		DDECF6DA2A7210AF009094F2 /* XCoordinatorCombine in Frameworks */ = {isa = PBXBuildFile; productRef = DDECF6D92A7210AF009094F2 /* XCoordinatorCombine */; };
		DDECF6DC2A7210AF009094F2 /* XCoordinatorRx in Frameworks */ = {isa = PBXBuildFile; productRef = DDECF6DB2A7210AF009094F2 /* XCoordinatorRx */; };
		DDECF6E02A77658B009094F2 /* CustomTabBarCoordinator.swift in Sources */ = {isa = PBXBuildFile; fileRef = DDECF6DF2A77658B009094F2 /* CustomTabBarCoordinator.swift */; };
		DDECF6E52A7765DA009094F2 /* DashboardViewController.swift in Sources */ = {isa = PBXBuildFile; fileRef = DDECF6E42A7765DA009094F2 /* DashboardViewController.swift */; };
		DDECF6E72A7765EC009094F2 /* DashboardViewModel.swift in Sources */ = {isa = PBXBuildFile; fileRef = DDECF6E62A7765EC009094F2 /* DashboardViewModel.swift */; };
		DDECF6E92A7765F7009094F2 /* DashboardViewModelImpl.swift in Sources */ = {isa = PBXBuildFile; fileRef = DDECF6E82A7765F7009094F2 /* DashboardViewModelImpl.swift */; };
		DDECF6EE2A77662F009094F2 /* GoalsViewController.swift in Sources */ = {isa = PBXBuildFile; fileRef = DDECF6ED2A77662F009094F2 /* GoalsViewController.swift */; };
		DDECF6F02A77663A009094F2 /* GoalsViewModel.swift in Sources */ = {isa = PBXBuildFile; fileRef = DDECF6EF2A77663A009094F2 /* GoalsViewModel.swift */; };
		DDECF6F22A776644009094F2 /* GoalsViewModelImpl.swift in Sources */ = {isa = PBXBuildFile; fileRef = DDECF6F12A776644009094F2 /* GoalsViewModelImpl.swift */; };
		DDECF6F72A7766A5009094F2 /* AddViewController.swift in Sources */ = {isa = PBXBuildFile; fileRef = DDECF6F62A7766A5009094F2 /* AddViewController.swift */; };
		DDECF6F92A7766B1009094F2 /* AddViewModel.swift in Sources */ = {isa = PBXBuildFile; fileRef = DDECF6F82A7766B1009094F2 /* AddViewModel.swift */; };
		DDECF6FB2A7766BB009094F2 /* AddViewModelImpl.swift in Sources */ = {isa = PBXBuildFile; fileRef = DDECF6FA2A7766BB009094F2 /* AddViewModelImpl.swift */; };
		DDECF7012A776A15009094F2 /* NewSavingGoalViewController.swift in Sources */ = {isa = PBXBuildFile; fileRef = DDECF7002A776A15009094F2 /* NewSavingGoalViewController.swift */; };
		DDECF7042A776A30009094F2 /* NewSavingGoalModel.swift in Sources */ = {isa = PBXBuildFile; fileRef = DDECF7032A776A30009094F2 /* NewSavingGoalModel.swift */; };
		DDECF7062A776A3D009094F2 /* NewSavingGoalModelImpl.swift in Sources */ = {isa = PBXBuildFile; fileRef = DDECF7052A776A3D009094F2 /* NewSavingGoalModelImpl.swift */; };
		DDECF7092A776AB9009094F2 /* NewCategoryViewController.swift in Sources */ = {isa = PBXBuildFile; fileRef = DDECF7082A776AB9009094F2 /* NewCategoryViewController.swift */; };
		DDECF70C2A776ADD009094F2 /* NewCategoryViewModel.swift in Sources */ = {isa = PBXBuildFile; fileRef = DDECF70B2A776ADD009094F2 /* NewCategoryViewModel.swift */; };
		DDECF70E2A776B23009094F2 /* NewCategoryViewModelImpl.swift in Sources */ = {isa = PBXBuildFile; fileRef = DDECF70D2A776B23009094F2 /* NewCategoryViewModelImpl.swift */; };
		DDECF7122A776BDD009094F2 /* NewTransactionViewModel.swift in Sources */ = {isa = PBXBuildFile; fileRef = DDECF7112A776BDD009094F2 /* NewTransactionViewModel.swift */; };
		DDECF7142A776BF7009094F2 /* NewTransactionViewModelImpl.swift in Sources */ = {isa = PBXBuildFile; fileRef = DDECF7132A776BF7009094F2 /* NewTransactionViewModelImpl.swift */; };
		DDECF7192A776DEB009094F2 /* AccountViewController.swift in Sources */ = {isa = PBXBuildFile; fileRef = DDECF7182A776DEB009094F2 /* AccountViewController.swift */; };
		DDECF71B2A776DF4009094F2 /* AccountViewModel.swift in Sources */ = {isa = PBXBuildFile; fileRef = DDECF71A2A776DF4009094F2 /* AccountViewModel.swift */; };
		DDECF71D2A776DFE009094F2 /* AccountViewModelImpl.swift in Sources */ = {isa = PBXBuildFile; fileRef = DDECF71C2A776DFE009094F2 /* AccountViewModelImpl.swift */; };
		DDECF7202A777733009094F2 /* DashboardCoordinator.swift in Sources */ = {isa = PBXBuildFile; fileRef = DDECF71F2A777733009094F2 /* DashboardCoordinator.swift */; };
/* End PBXBuildFile section */

/* Begin PBXContainerItemProxy section */
		DDB70CA92ACA6FDF00B25C5F /* PBXContainerItemProxy */ = {
			isa = PBXContainerItemProxy;
			containerPortal = DDDF63D22A644B1000396F86 /* Project object */;
			proxyType = 1;
			remoteGlobalIDString = DDDF63D92A644B1000396F86;
			remoteInfo = MoneyBee;
		};
/* End PBXContainerItemProxy section */

/* Begin PBXCopyFilesBuildPhase section */
		DDB1F65A2A6CC8950080A148 /* Embed Foundation Extensions */ = {
			isa = PBXCopyFilesBuildPhase;
			buildActionMask = 2147483647;
			dstPath = "";
			dstSubfolderSpec = 13;
			files = (
			);
			name = "Embed Foundation Extensions";
			runOnlyForDeploymentPostprocessing = 0;
		};
/* End PBXCopyFilesBuildPhase section */

/* Begin PBXFileReference section */
		DD0391612AB81B0E00FBA3C9 /* Extensions + UIView.swift */ = {isa = PBXFileReference; lastKnownFileType = sourcecode.swift; path = "Extensions + UIView.swift"; sourceTree = "<group>"; };
		DD0AE1132AB5795300766EFA /* GoogleService-Info.plist */ = {isa = PBXFileReference; fileEncoding = 4; lastKnownFileType = text.plist.xml; path = "GoogleService-Info.plist"; sourceTree = "<group>"; };
		DD0AE1262AB581B300766EFA /* AuthService.swift */ = {isa = PBXFileReference; lastKnownFileType = sourcecode.swift; path = AuthService.swift; sourceTree = "<group>"; };
		DD0AE1282AB5849A00766EFA /* RegisterUserModel.swift */ = {isa = PBXFileReference; lastKnownFileType = sourcecode.swift; path = RegisterUserModel.swift; sourceTree = "<group>"; };
		DD1C5C232ABC016A0014E75A /* Extensions + Label.swift */ = {isa = PBXFileReference; lastKnownFileType = sourcecode.swift; path = "Extensions + Label.swift"; sourceTree = "<group>"; };
		DD36340F2AA9976000F7495F /* GoalsCoordinator.swift */ = {isa = PBXFileReference; lastKnownFileType = sourcecode.swift; path = GoalsCoordinator.swift; sourceTree = "<group>"; };
		DD3634112AA9984A00F7495F /* AddCoordinator.swift */ = {isa = PBXFileReference; lastKnownFileType = sourcecode.swift; path = AddCoordinator.swift; sourceTree = "<group>"; };
		DD3634132AA998F400F7495F /* AccountCoordinator.swift */ = {isa = PBXFileReference; lastKnownFileType = sourcecode.swift; path = AccountCoordinator.swift; sourceTree = "<group>"; };
		DD5D42042AC88DEE00FF3581 /* GoalCollectionViewCell.swift */ = {isa = PBXFileReference; lastKnownFileType = sourcecode.swift; path = GoalCollectionViewCell.swift; sourceTree = "<group>"; };
		DD7CCB6D2AC3CFBB00877F65 /* ProfileView.swift */ = {isa = PBXFileReference; lastKnownFileType = sourcecode.swift; path = ProfileView.swift; sourceTree = "<group>"; };
		DD7CCB6F2AC3CFD100877F65 /* ProfileViewModel.swift */ = {isa = PBXFileReference; lastKnownFileType = sourcecode.swift; path = ProfileViewModel.swift; sourceTree = "<group>"; };
		DD7CCB712AC3D7B500877F65 /* ProfileModel.swift */ = {isa = PBXFileReference; lastKnownFileType = sourcecode.swift; path = ProfileModel.swift; sourceTree = "<group>"; };
		DD9236A22A8AF514008FD572 /* BudgetCoordinator.swift */ = {isa = PBXFileReference; lastKnownFileType = sourcecode.swift; path = BudgetCoordinator.swift; sourceTree = "<group>"; };
		DD9236A42A8B19F0008FD572 /* Extension+Transition.swift */ = {isa = PBXFileReference; lastKnownFileType = sourcecode.swift; path = "Extension+Transition.swift"; sourceTree = "<group>"; };
		DD9D4FE82AC8B5D2004A6CDE /* NewBudgetView.swift */ = {isa = PBXFileReference; lastKnownFileType = sourcecode.swift; path = NewBudgetView.swift; sourceTree = "<group>"; };
		DD9D4FEA2AC8B5F0004A6CDE /* NewBudgetViewModel.swift */ = {isa = PBXFileReference; lastKnownFileType = sourcecode.swift; path = NewBudgetViewModel.swift; sourceTree = "<group>"; };
		DDB1F63F2A67A7D30080A148 /* RegisterViewModel.swift */ = {isa = PBXFileReference; lastKnownFileType = sourcecode.swift; path = RegisterViewModel.swift; sourceTree = "<group>"; };
		DDB1F6412A67A7E00080A148 /* RegisterViewModelImpl.swift */ = {isa = PBXFileReference; lastKnownFileType = sourcecode.swift; path = RegisterViewModelImpl.swift; sourceTree = "<group>"; };
		DDB1F6432A6A53840080A148 /* Extensions + String .swift */ = {isa = PBXFileReference; lastKnownFileType = sourcecode.swift; path = "Extensions + String .swift"; sourceTree = "<group>"; };
		DDB1F64B2A6CC8950080A148 /* AuthenticationServices.framework */ = {isa = PBXFileReference; lastKnownFileType = wrapper.framework; name = AuthenticationServices.framework; path = System/Library/Frameworks/AuthenticationServices.framework; sourceTree = SDKROOT; };
		DDB70CA52ACA6FDF00B25C5F /* MoneyBeeTests.xctest */ = {isa = PBXFileReference; explicitFileType = wrapper.cfbundle; includeInIndex = 0; path = MoneyBeeTests.xctest; sourceTree = BUILT_PRODUCTS_DIR; };
		DDB70CA72ACA6FDF00B25C5F /* MoneyBeeTests.swift */ = {isa = PBXFileReference; lastKnownFileType = sourcecode.swift; path = MoneyBeeTests.swift; sourceTree = "<group>"; };
		DDB70CAF2ACA707C00B25C5F /* LoginViewTests.swift */ = {isa = PBXFileReference; lastKnownFileType = sourcecode.swift; path = LoginViewTests.swift; sourceTree = "<group>"; };
		DDB70CB12AD1CA9300B25C5F /* AuthorizationService.swift */ = {isa = PBXFileReference; lastKnownFileType = sourcecode.swift; path = AuthorizationService.swift; sourceTree = "<group>"; };
		DDDD78D22AAAEC91001B7232 /* Extensions + HeaderView.swift */ = {isa = PBXFileReference; lastKnownFileType = sourcecode.swift; path = "Extensions + HeaderView.swift"; sourceTree = "<group>"; };
		DDDF63DA2A644B1000396F86 /* MoneyBee.app */ = {isa = PBXFileReference; explicitFileType = wrapper.application; includeInIndex = 0; path = MoneyBee.app; sourceTree = BUILT_PRODUCTS_DIR; };
		DDDF63DD2A644B1000396F86 /* AppDelegate.swift */ = {isa = PBXFileReference; lastKnownFileType = sourcecode.swift; path = AppDelegate.swift; sourceTree = "<group>"; };
		DDDF63DF2A644B1000396F86 /* SceneDelegate.swift */ = {isa = PBXFileReference; lastKnownFileType = sourcecode.swift; path = SceneDelegate.swift; sourceTree = "<group>"; };
		DDDF63E62A644B1100396F86 /* Assets.xcassets */ = {isa = PBXFileReference; lastKnownFileType = folder.assetcatalog; path = Assets.xcassets; sourceTree = "<group>"; };
		DDDF63E92A644B1100396F86 /* Base */ = {isa = PBXFileReference; lastKnownFileType = file.storyboard; name = Base; path = Base.lproj/LaunchScreen.storyboard; sourceTree = "<group>"; };
		DDDF63EB2A644B1100396F86 /* Info.plist */ = {isa = PBXFileReference; lastKnownFileType = text.plist.xml; path = Info.plist; sourceTree = "<group>"; };
		DDDF63F22A644BA300396F86 /* UserModel.swift */ = {isa = PBXFileReference; lastKnownFileType = sourcecode.swift; path = UserModel.swift; sourceTree = "<group>"; };
		DDDF63F42A644BAF00396F86 /* GoalModel.swift */ = {isa = PBXFileReference; lastKnownFileType = sourcecode.swift; path = GoalModel.swift; sourceTree = "<group>"; };
		DDDF63FA2A644CA100396F86 /* LoginViewController.swift */ = {isa = PBXFileReference; lastKnownFileType = sourcecode.swift; path = LoginViewController.swift; sourceTree = "<group>"; };
		DDDF63FC2A644CB000396F86 /* LoginViewModel.swift */ = {isa = PBXFileReference; lastKnownFileType = sourcecode.swift; path = LoginViewModel.swift; sourceTree = "<group>"; };
		DDDF63FE2A644CBD00396F86 /* LoginViewModelImpl.swift */ = {isa = PBXFileReference; lastKnownFileType = sourcecode.swift; path = LoginViewModelImpl.swift; sourceTree = "<group>"; };
		DDDF64082A644DAE00396F86 /* BudgetViewController.swift */ = {isa = PBXFileReference; lastKnownFileType = sourcecode.swift; path = BudgetViewController.swift; sourceTree = "<group>"; };
		DDDF640A2A644DCF00396F86 /* BudgetTableViewCell.swift */ = {isa = PBXFileReference; lastKnownFileType = sourcecode.swift; path = BudgetTableViewCell.swift; sourceTree = "<group>"; };
		DDDF640C2A64503B00396F86 /* Extensions + Color.swift */ = {isa = PBXFileReference; lastKnownFileType = sourcecode.swift; path = "Extensions + Color.swift"; sourceTree = "<group>"; };
		DDDF640E2A64508600396F86 /* Extensions + HideKeyBoard.swift */ = {isa = PBXFileReference; lastKnownFileType = sourcecode.swift; path = "Extensions + HideKeyBoard.swift"; sourceTree = "<group>"; };
		DDDF64102A6450AF00396F86 /* Extension + UIButton.swift */ = {isa = PBXFileReference; lastKnownFileType = sourcecode.swift; path = "Extension + UIButton.swift"; sourceTree = "<group>"; };
		DDDF64122A6450D000396F86 /* Extension + UIProgressView.swift */ = {isa = PBXFileReference; lastKnownFileType = sourcecode.swift; path = "Extension + UIProgressView.swift"; sourceTree = "<group>"; };
		DDDF64142A6450F500396F86 /* Extensions + Combine_TextField.swift */ = {isa = PBXFileReference; lastKnownFileType = sourcecode.swift; path = "Extensions + Combine_TextField.swift"; sourceTree = "<group>"; };
		DDDF64162A64511300396F86 /* Extension + String.swift */ = {isa = PBXFileReference; lastKnownFileType = sourcecode.swift; path = "Extension + String.swift"; sourceTree = "<group>"; };
		DDDF64182A64512A00396F86 /* Extension + Alert.swift */ = {isa = PBXFileReference; lastKnownFileType = sourcecode.swift; path = "Extension + Alert.swift"; sourceTree = "<group>"; };
		DDDF641A2A64514C00396F86 /* Extension + Combine_TapButton.swift */ = {isa = PBXFileReference; lastKnownFileType = sourcecode.swift; path = "Extension + Combine_TapButton.swift"; sourceTree = "<group>"; };
		DDDF641C2A64543B00396F86 /* BudgetViewModel.swift */ = {isa = PBXFileReference; lastKnownFileType = sourcecode.swift; path = BudgetViewModel.swift; sourceTree = "<group>"; };
		DDDF641E2A64544800396F86 /* BudgetViewModelImpl.swift */ = {isa = PBXFileReference; lastKnownFileType = sourcecode.swift; path = BudgetViewModelImpl.swift; sourceTree = "<group>"; };
		DDDF642B2A650F5800396F86 /* RegisterationViewController.swift */ = {isa = PBXFileReference; lastKnownFileType = sourcecode.swift; path = RegisterationViewController.swift; sourceTree = "<group>"; };
		DDECF6D42A721076009094F2 /* AppCoordinator.swift */ = {isa = PBXFileReference; lastKnownFileType = sourcecode.swift; path = AppCoordinator.swift; sourceTree = "<group>"; };
		DDECF6DF2A77658B009094F2 /* CustomTabBarCoordinator.swift */ = {isa = PBXFileReference; lastKnownFileType = sourcecode.swift; path = CustomTabBarCoordinator.swift; sourceTree = "<group>"; };
		DDECF6E42A7765DA009094F2 /* DashboardViewController.swift */ = {isa = PBXFileReference; lastKnownFileType = sourcecode.swift; path = DashboardViewController.swift; sourceTree = "<group>"; };
		DDECF6E62A7765EC009094F2 /* DashboardViewModel.swift */ = {isa = PBXFileReference; lastKnownFileType = sourcecode.swift; path = DashboardViewModel.swift; sourceTree = "<group>"; };
		DDECF6E82A7765F7009094F2 /* DashboardViewModelImpl.swift */ = {isa = PBXFileReference; lastKnownFileType = sourcecode.swift; path = DashboardViewModelImpl.swift; sourceTree = "<group>"; };
		DDECF6ED2A77662F009094F2 /* GoalsViewController.swift */ = {isa = PBXFileReference; lastKnownFileType = sourcecode.swift; path = GoalsViewController.swift; sourceTree = "<group>"; };
		DDECF6EF2A77663A009094F2 /* GoalsViewModel.swift */ = {isa = PBXFileReference; lastKnownFileType = sourcecode.swift; path = GoalsViewModel.swift; sourceTree = "<group>"; };
		DDECF6F12A776644009094F2 /* GoalsViewModelImpl.swift */ = {isa = PBXFileReference; lastKnownFileType = sourcecode.swift; path = GoalsViewModelImpl.swift; sourceTree = "<group>"; };
		DDECF6F62A7766A5009094F2 /* AddViewController.swift */ = {isa = PBXFileReference; lastKnownFileType = sourcecode.swift; path = AddViewController.swift; sourceTree = "<group>"; };
		DDECF6F82A7766B1009094F2 /* AddViewModel.swift */ = {isa = PBXFileReference; lastKnownFileType = sourcecode.swift; path = AddViewModel.swift; sourceTree = "<group>"; };
		DDECF6FA2A7766BB009094F2 /* AddViewModelImpl.swift */ = {isa = PBXFileReference; lastKnownFileType = sourcecode.swift; path = AddViewModelImpl.swift; sourceTree = "<group>"; };
		DDECF7002A776A15009094F2 /* NewSavingGoalViewController.swift */ = {isa = PBXFileReference; lastKnownFileType = sourcecode.swift; path = NewSavingGoalViewController.swift; sourceTree = "<group>"; };
		DDECF7032A776A30009094F2 /* NewSavingGoalModel.swift */ = {isa = PBXFileReference; lastKnownFileType = sourcecode.swift; path = NewSavingGoalModel.swift; sourceTree = "<group>"; };
		DDECF7052A776A3D009094F2 /* NewSavingGoalModelImpl.swift */ = {isa = PBXFileReference; lastKnownFileType = sourcecode.swift; path = NewSavingGoalModelImpl.swift; sourceTree = "<group>"; };
		DDECF7082A776AB9009094F2 /* NewCategoryViewController.swift */ = {isa = PBXFileReference; lastKnownFileType = sourcecode.swift; path = NewCategoryViewController.swift; sourceTree = "<group>"; };
		DDECF70B2A776ADD009094F2 /* NewCategoryViewModel.swift */ = {isa = PBXFileReference; lastKnownFileType = sourcecode.swift; path = NewCategoryViewModel.swift; sourceTree = "<group>"; };
		DDECF70D2A776B23009094F2 /* NewCategoryViewModelImpl.swift */ = {isa = PBXFileReference; lastKnownFileType = sourcecode.swift; path = NewCategoryViewModelImpl.swift; sourceTree = "<group>"; };
		DDECF7112A776BDD009094F2 /* NewTransactionViewModel.swift */ = {isa = PBXFileReference; lastKnownFileType = sourcecode.swift; path = NewTransactionViewModel.swift; sourceTree = "<group>"; };
		DDECF7132A776BF7009094F2 /* NewTransactionViewModelImpl.swift */ = {isa = PBXFileReference; lastKnownFileType = sourcecode.swift; path = NewTransactionViewModelImpl.swift; sourceTree = "<group>"; };
		DDECF7182A776DEB009094F2 /* AccountViewController.swift */ = {isa = PBXFileReference; lastKnownFileType = sourcecode.swift; path = AccountViewController.swift; sourceTree = "<group>"; };
		DDECF71A2A776DF4009094F2 /* AccountViewModel.swift */ = {isa = PBXFileReference; lastKnownFileType = sourcecode.swift; path = AccountViewModel.swift; sourceTree = "<group>"; };
		DDECF71C2A776DFE009094F2 /* AccountViewModelImpl.swift */ = {isa = PBXFileReference; lastKnownFileType = sourcecode.swift; path = AccountViewModelImpl.swift; sourceTree = "<group>"; };
		DDECF71F2A777733009094F2 /* DashboardCoordinator.swift */ = {isa = PBXFileReference; lastKnownFileType = sourcecode.swift; path = DashboardCoordinator.swift; sourceTree = "<group>"; };
/* End PBXFileReference section */

/* Begin PBXFrameworksBuildPhase section */
		DDB70CA22ACA6FDF00B25C5F /* Frameworks */ = {
			isa = PBXFrameworksBuildPhase;
			buildActionMask = 2147483647;
			files = (
			);
			runOnlyForDeploymentPostprocessing = 0;
		};
		DDDF63D72A644B1000396F86 /* Frameworks */ = {
			isa = PBXFrameworksBuildPhase;
			buildActionMask = 2147483647;
			files = (
				DDECF6DA2A7210AF009094F2 /* XCoordinatorCombine in Frameworks */,
				DDECF6D82A7210AF009094F2 /* XCoordinator in Frameworks */,
				DD0AE1222AB57DA700766EFA /* FirebasePerformance in Frameworks */,
				DDECF6DC2A7210AF009094F2 /* XCoordinatorRx in Frameworks */,
				DDB1F63E2A67A7B00080A148 /* RxSwift in Frameworks */,
				DDB1F63C2A67A7B00080A148 /* RxCocoa in Frameworks */,
				DD0AE1202AB57DA700766EFA /* FirebaseFirestore in Frameworks */,
				DD0AE11C2AB57DA700766EFA /* FirebaseAuth in Frameworks */,
				DD0AE1242AB57DA700766EFA /* FirebaseStorage in Frameworks */,
				DD0AE11E2AB57DA700766EFA /* FirebaseDatabase in Frameworks */,
				DDDF64022A644D0900396F86 /* Stevia in Frameworks */,
			);
			runOnlyForDeploymentPostprocessing = 0;
		};
/* End PBXFrameworksBuildPhase section */

/* Begin PBXGroup section */
		DD0AE1252AB5819E00766EFA /* Services */ = {
			isa = PBXGroup;
			children = (
				DD0AE1262AB581B300766EFA /* AuthService.swift */,
				DDB70CB12AD1CA9300B25C5F /* AuthorizationService.swift */,
			);
			path = Services;
			sourceTree = "<group>";
		};
		DD5D42032AC88DC900FF3581 /* Cell */ = {
			isa = PBXGroup;
			children = (
				DD5D42042AC88DEE00FF3581 /* GoalCollectionViewCell.swift */,
			);
			path = Cell;
			sourceTree = "<group>";
		};
		DD7CCB6C2AC3CFAA00877F65 /* ProfileView */ = {
			isa = PBXGroup;
			children = (
				DD7CCB6D2AC3CFBB00877F65 /* ProfileView.swift */,
				DD7CCB6F2AC3CFD100877F65 /* ProfileViewModel.swift */,
			);
			path = ProfileView;
			sourceTree = "<group>";
		};
		DD9D4FE52AC8B57A004A6CDE /* NewBudget */ = {
			isa = PBXGroup;
			children = (
				DD9D4FE62AC8B592004A6CDE /* View */,
				DD9D4FE72AC8B598004A6CDE /* ViewModel */,
			);
			path = NewBudget;
			sourceTree = "<group>";
		};
		DD9D4FE62AC8B592004A6CDE /* View */ = {
			isa = PBXGroup;
			children = (
				DD9D4FE82AC8B5D2004A6CDE /* NewBudgetView.swift */,
			);
			path = View;
			sourceTree = "<group>";
		};
		DD9D4FE72AC8B598004A6CDE /* ViewModel */ = {
			isa = PBXGroup;
			children = (
				DD9D4FEA2AC8B5F0004A6CDE /* NewBudgetViewModel.swift */,
			);
			path = ViewModel;
			sourceTree = "<group>";
		};
		DDB1F64A2A6CC8950080A148 /* Frameworks */ = {
			isa = PBXGroup;
			children = (
				DDB1F64B2A6CC8950080A148 /* AuthenticationServices.framework */,
			);
			name = Frameworks;
			sourceTree = "<group>";
		};
		DDB70CA62ACA6FDF00B25C5F /* MoneyBeeTests */ = {
			isa = PBXGroup;
			children = (
				DDB70CA72ACA6FDF00B25C5F /* MoneyBeeTests.swift */,
				DDB70CAF2ACA707C00B25C5F /* LoginViewTests.swift */,
			);
			path = MoneyBeeTests;
			sourceTree = "<group>";
		};
		DDB70CAE2ACA704500B25C5F /* Auth */ = {
			isa = PBXGroup;
			children = (
				DDDF64252A6462D100396F86 /* Registration */,
				DDDF63F72A644C7E00396F86 /* Login */,
			);
			path = Auth;
			sourceTree = "<group>";
		};
		DDDF63D12A644B1000396F86 = {
			isa = PBXGroup;
			children = (
				DDDF63DC2A644B1000396F86 /* MoneyBee */,
				DDB70CA62ACA6FDF00B25C5F /* MoneyBeeTests */,
				DDB1F64A2A6CC8950080A148 /* Frameworks */,
				DDDF63DB2A644B1000396F86 /* Products */,
			);
			sourceTree = "<group>";
		};
		DDDF63DB2A644B1000396F86 /* Products */ = {
			isa = PBXGroup;
			children = (
				DDDF63DA2A644B1000396F86 /* MoneyBee.app */,
				DDB70CA52ACA6FDF00B25C5F /* MoneyBeeTests.xctest */,
			);
			name = Products;
			sourceTree = "<group>";
		};
		DDDF63DC2A644B1000396F86 /* MoneyBee */ = {
			isa = PBXGroup;
			children = (
				DD0AE1252AB5819E00766EFA /* Services */,
				DDECF71E2A776EB4009094F2 /* Menu */,
				DDECF6D22A72105A009094F2 /* Navigation */,
				DDDF64032A644D5400396F86 /* Extensions */,
				DDDF63F12A644B7C00396F86 /* Models */,
				DDB70CAE2ACA704500B25C5F /* Auth */,
				DDDF63F62A644BE500396F86 /* SystemFiles */,
				DDDF63E62A644B1100396F86 /* Assets.xcassets */,
				DDDF63E82A644B1100396F86 /* LaunchScreen.storyboard */,
				DDDF63EB2A644B1100396F86 /* Info.plist */,
				DD0AE1132AB5795300766EFA /* GoogleService-Info.plist */,
			);
			path = MoneyBee;
			sourceTree = "<group>";
		};
		DDDF63F12A644B7C00396F86 /* Models */ = {
			isa = PBXGroup;
			children = (
				DDDF63F22A644BA300396F86 /* UserModel.swift */,
				DDDF63F42A644BAF00396F86 /* GoalModel.swift */,
				DD0AE1282AB5849A00766EFA /* RegisterUserModel.swift */,
				DD7CCB712AC3D7B500877F65 /* ProfileModel.swift */,
			);
			path = Models;
			sourceTree = "<group>";
		};
		DDDF63F62A644BE500396F86 /* SystemFiles */ = {
			isa = PBXGroup;
			children = (
				DDDF63DD2A644B1000396F86 /* AppDelegate.swift */,
				DDDF63DF2A644B1000396F86 /* SceneDelegate.swift */,
			);
			path = SystemFiles;
			sourceTree = "<group>";
		};
		DDDF63F72A644C7E00396F86 /* Login */ = {
			isa = PBXGroup;
			children = (
				DDDF63F92A644C8B00396F86 /* ViewModel */,
				DDDF63F82A644C8600396F86 /* View */,
			);
			path = Login;
			sourceTree = "<group>";
		};
		DDDF63F82A644C8600396F86 /* View */ = {
			isa = PBXGroup;
			children = (
				DDDF63FA2A644CA100396F86 /* LoginViewController.swift */,
			);
			path = View;
			sourceTree = "<group>";
		};
		DDDF63F92A644C8B00396F86 /* ViewModel */ = {
			isa = PBXGroup;
			children = (
				DDDF63FC2A644CB000396F86 /* LoginViewModel.swift */,
				DDDF63FE2A644CBD00396F86 /* LoginViewModelImpl.swift */,
			);
			path = ViewModel;
			sourceTree = "<group>";
		};
		DDDF64032A644D5400396F86 /* Extensions */ = {
			isa = PBXGroup;
			children = (
				DDDF640C2A64503B00396F86 /* Extensions + Color.swift */,
				DDDF640E2A64508600396F86 /* Extensions + HideKeyBoard.swift */,
				DDDF64102A6450AF00396F86 /* Extension + UIButton.swift */,
				DDDF64122A6450D000396F86 /* Extension + UIProgressView.swift */,
				DDDF64142A6450F500396F86 /* Extensions + Combine_TextField.swift */,
				DDDF64162A64511300396F86 /* Extension + String.swift */,
				DDDF64182A64512A00396F86 /* Extension + Alert.swift */,
				DDDF641A2A64514C00396F86 /* Extension + Combine_TapButton.swift */,
				DDB1F6432A6A53840080A148 /* Extensions + String .swift */,
				DD9236A42A8B19F0008FD572 /* Extension+Transition.swift */,
				DDDD78D22AAAEC91001B7232 /* Extensions + HeaderView.swift */,
				DD0391612AB81B0E00FBA3C9 /* Extensions + UIView.swift */,
				DD1C5C232ABC016A0014E75A /* Extensions + Label.swift */,
			);
			path = Extensions;
			sourceTree = "<group>";
		};
		DDDF64042A644D7400396F86 /* Budget */ = {
			isa = PBXGroup;
			children = (
				DD9D4FE52AC8B57A004A6CDE /* NewBudget */,
				DDDF64072A644D8C00396F86 /* Cells */,
				DDDF64062A644D8200396F86 /* ViewModel */,
				DDDF64052A644D7C00396F86 /* View */,
			);
			path = Budget;
			sourceTree = "<group>";
		};
		DDDF64052A644D7C00396F86 /* View */ = {
			isa = PBXGroup;
			children = (
				DDDF64082A644DAE00396F86 /* BudgetViewController.swift */,
			);
			path = View;
			sourceTree = "<group>";
		};
		DDDF64062A644D8200396F86 /* ViewModel */ = {
			isa = PBXGroup;
			children = (
				DDDF641C2A64543B00396F86 /* BudgetViewModel.swift */,
				DDDF641E2A64544800396F86 /* BudgetViewModelImpl.swift */,
			);
			path = ViewModel;
			sourceTree = "<group>";
		};
		DDDF64072A644D8C00396F86 /* Cells */ = {
			isa = PBXGroup;
			children = (
				DDDF640A2A644DCF00396F86 /* BudgetTableViewCell.swift */,
			);
			path = Cells;
			sourceTree = "<group>";
		};
		DDDF64252A6462D100396F86 /* Registration */ = {
			isa = PBXGroup;
			children = (
				DDDF64272A6462E800396F86 /* ViewModel */,
				DDDF64262A6462E300396F86 /* View */,
			);
			path = Registration;
			sourceTree = "<group>";
		};
		DDDF64262A6462E300396F86 /* View */ = {
			isa = PBXGroup;
			children = (
				DDDF642B2A650F5800396F86 /* RegisterationViewController.swift */,
			);
			path = View;
			sourceTree = "<group>";
		};
		DDDF64272A6462E800396F86 /* ViewModel */ = {
			isa = PBXGroup;
			children = (
				DDB1F63F2A67A7D30080A148 /* RegisterViewModel.swift */,
				DDB1F6412A67A7E00080A148 /* RegisterViewModelImpl.swift */,
			);
			path = ViewModel;
			sourceTree = "<group>";
		};
		DDECF6D22A72105A009094F2 /* Navigation */ = {
			isa = PBXGroup;
			children = (
				DDECF6D32A721061009094F2 /* Coordinator */,
			);
			path = Navigation;
			sourceTree = "<group>";
		};
		DDECF6D32A721061009094F2 /* Coordinator */ = {
			isa = PBXGroup;
			children = (
				DDECF6D42A721076009094F2 /* AppCoordinator.swift */,
				DDECF6DF2A77658B009094F2 /* CustomTabBarCoordinator.swift */,
				DDECF71F2A777733009094F2 /* DashboardCoordinator.swift */,
				DD9236A22A8AF514008FD572 /* BudgetCoordinator.swift */,
				DD36340F2AA9976000F7495F /* GoalsCoordinator.swift */,
				DD3634112AA9984A00F7495F /* AddCoordinator.swift */,
				DD3634132AA998F400F7495F /* AccountCoordinator.swift */,
			);
			path = Coordinator;
			sourceTree = "<group>";
		};
		DDECF6E12A7765BD009094F2 /* Dashboard */ = {
			isa = PBXGroup;
			children = (
				DDECF6E32A7765CA009094F2 /* ViewModel */,
				DDECF6E22A7765C4009094F2 /* View */,
			);
			path = Dashboard;
			sourceTree = "<group>";
		};
		DDECF6E22A7765C4009094F2 /* View */ = {
			isa = PBXGroup;
			children = (
				DDECF6E42A7765DA009094F2 /* DashboardViewController.swift */,
			);
			path = View;
			sourceTree = "<group>";
		};
		DDECF6E32A7765CA009094F2 /* ViewModel */ = {
			isa = PBXGroup;
			children = (
				DDECF6E62A7765EC009094F2 /* DashboardViewModel.swift */,
				DDECF6E82A7765F7009094F2 /* DashboardViewModelImpl.swift */,
			);
			path = ViewModel;
			sourceTree = "<group>";
		};
		DDECF6EA2A776612009094F2 /* Goals */ = {
			isa = PBXGroup;
			children = (
				DD5D42032AC88DC900FF3581 /* Cell */,
				DDECF6EB2A77661C009094F2 /* View */,
				DDECF6EC2A776620009094F2 /* ViewModel */,
			);
			path = Goals;
			sourceTree = "<group>";
		};
		DDECF6EB2A77661C009094F2 /* View */ = {
			isa = PBXGroup;
			children = (
				DDECF6ED2A77662F009094F2 /* GoalsViewController.swift */,
			);
			path = View;
			sourceTree = "<group>";
		};
		DDECF6EC2A776620009094F2 /* ViewModel */ = {
			isa = PBXGroup;
			children = (
				DDECF6EF2A77663A009094F2 /* GoalsViewModel.swift */,
				DDECF6F12A776644009094F2 /* GoalsViewModelImpl.swift */,
			);
			path = ViewModel;
			sourceTree = "<group>";
		};
		DDECF6F32A776680009094F2 /* Add */ = {
			isa = PBXGroup;
			children = (
				DDECF6FE2A7766E8009094F2 /* New Saving Goal */,
				DDECF6FD2A7766DA009094F2 /* New Category */,
				DDECF6FC2A7766C1009094F2 /* New Transaction */,
				DDECF6F52A776692009094F2 /* ViewModel */,
				DDECF6F42A77668D009094F2 /* View */,
			);
			path = Add;
			sourceTree = "<group>";
		};
		DDECF6F42A77668D009094F2 /* View */ = {
			isa = PBXGroup;
			children = (
				DDECF6F62A7766A5009094F2 /* AddViewController.swift */,
			);
			path = View;
			sourceTree = "<group>";
		};
		DDECF6F52A776692009094F2 /* ViewModel */ = {
			isa = PBXGroup;
			children = (
				DDECF6F82A7766B1009094F2 /* AddViewModel.swift */,
				DDECF6FA2A7766BB009094F2 /* AddViewModelImpl.swift */,
			);
			path = ViewModel;
			sourceTree = "<group>";
		};
		DDECF6FC2A7766C1009094F2 /* New Transaction */ = {
			isa = PBXGroup;
			children = (
				DDECF7102A776BCE009094F2 /* ViewModel */,
				DDECF70F2A776BC9009094F2 /* View */,
			);
			path = "New Transaction";
			sourceTree = "<group>";
		};
		DDECF6FD2A7766DA009094F2 /* New Category */ = {
			isa = PBXGroup;
			children = (
				DDECF70A2A776ACC009094F2 /* ViewModel */,
				DDECF7072A776AAA009094F2 /* View */,
			);
			path = "New Category";
			sourceTree = "<group>";
		};
		DDECF6FE2A7766E8009094F2 /* New Saving Goal */ = {
			isa = PBXGroup;
			children = (
				DDECF7022A776A1F009094F2 /* ViewModel */,
				DDECF6FF2A7769FC009094F2 /* View */,
			);
			path = "New Saving Goal";
			sourceTree = "<group>";
		};
		DDECF6FF2A7769FC009094F2 /* View */ = {
			isa = PBXGroup;
			children = (
				DDECF7002A776A15009094F2 /* NewSavingGoalViewController.swift */,
			);
			path = View;
			sourceTree = "<group>";
		};
		DDECF7022A776A1F009094F2 /* ViewModel */ = {
			isa = PBXGroup;
			children = (
				DDECF7032A776A30009094F2 /* NewSavingGoalModel.swift */,
				DDECF7052A776A3D009094F2 /* NewSavingGoalModelImpl.swift */,
			);
			path = ViewModel;
			sourceTree = "<group>";
		};
		DDECF7072A776AAA009094F2 /* View */ = {
			isa = PBXGroup;
			children = (
				DDECF7082A776AB9009094F2 /* NewCategoryViewController.swift */,
			);
			path = View;
			sourceTree = "<group>";
		};
		DDECF70A2A776ACC009094F2 /* ViewModel */ = {
			isa = PBXGroup;
			children = (
				DDECF70B2A776ADD009094F2 /* NewCategoryViewModel.swift */,
				DDECF70D2A776B23009094F2 /* NewCategoryViewModelImpl.swift */,
			);
			path = ViewModel;
			sourceTree = "<group>";
		};
		DDECF70F2A776BC9009094F2 /* View */ = {
			isa = PBXGroup;
			children = (
			);
			path = View;
			sourceTree = "<group>";
		};
		DDECF7102A776BCE009094F2 /* ViewModel */ = {
			isa = PBXGroup;
			children = (
				DDECF7112A776BDD009094F2 /* NewTransactionViewModel.swift */,
				DDECF7132A776BF7009094F2 /* NewTransactionViewModelImpl.swift */,
			);
			path = ViewModel;
			sourceTree = "<group>";
		};
		DDECF7152A776DCE009094F2 /* Account */ = {
			isa = PBXGroup;
			children = (
				DDECF7172A776DDE009094F2 /* ViewModel */,
				DDECF7162A776DD9009094F2 /* View */,
			);
			path = Account;
			sourceTree = "<group>";
		};
		DDECF7162A776DD9009094F2 /* View */ = {
			isa = PBXGroup;
			children = (
				DDECF7182A776DEB009094F2 /* AccountViewController.swift */,
				DD7CCB6C2AC3CFAA00877F65 /* ProfileView */,
			);
			path = View;
			sourceTree = "<group>";
		};
		DDECF7172A776DDE009094F2 /* ViewModel */ = {
			isa = PBXGroup;
			children = (
				DDECF71A2A776DF4009094F2 /* AccountViewModel.swift */,
				DDECF71C2A776DFE009094F2 /* AccountViewModelImpl.swift */,
			);
			path = ViewModel;
			sourceTree = "<group>";
		};
		DDECF71E2A776EB4009094F2 /* Menu */ = {
			isa = PBXGroup;
			children = (
				DDDF64042A644D7400396F86 /* Budget */,
				DDECF7152A776DCE009094F2 /* Account */,
				DDECF6F32A776680009094F2 /* Add */,
				DDECF6EA2A776612009094F2 /* Goals */,
				DDECF6E12A7765BD009094F2 /* Dashboard */,
			);
			path = Menu;
			sourceTree = "<group>";
		};
/* End PBXGroup section */

/* Begin PBXNativeTarget section */
		DDB70CA42ACA6FDF00B25C5F /* MoneyBeeTests */ = {
			isa = PBXNativeTarget;
			buildConfigurationList = DDB70CAD2ACA6FDF00B25C5F /* Build configuration list for PBXNativeTarget "MoneyBeeTests" */;
			buildPhases = (
				DDB70CA12ACA6FDF00B25C5F /* Sources */,
				DDB70CA22ACA6FDF00B25C5F /* Frameworks */,
				DDB70CA32ACA6FDF00B25C5F /* Resources */,
			);
			buildRules = (
			);
			dependencies = (
				DDB70CAA2ACA6FDF00B25C5F /* PBXTargetDependency */,
			);
			name = MoneyBeeTests;
			productName = MoneyBeeTests;
			productReference = DDB70CA52ACA6FDF00B25C5F /* MoneyBeeTests.xctest */;
			productType = "com.apple.product-type.bundle.unit-test";
		};
		DDDF63D92A644B1000396F86 /* MoneyBee */ = {
			isa = PBXNativeTarget;
			buildConfigurationList = DDDF63EE2A644B1100396F86 /* Build configuration list for PBXNativeTarget "MoneyBee" */;
			buildPhases = (
				DDDF63D62A644B1000396F86 /* Sources */,
				DDDF63D72A644B1000396F86 /* Frameworks */,
				DDDF63D82A644B1000396F86 /* Resources */,
				DDB1F65A2A6CC8950080A148 /* Embed Foundation Extensions */,
			);
			buildRules = (
			);
			dependencies = (
			);
			name = MoneyBee;
			packageProductDependencies = (
				DDDF64012A644D0900396F86 /* Stevia */,
				DDB1F63B2A67A7B00080A148 /* RxCocoa */,
				DDB1F63D2A67A7B00080A148 /* RxSwift */,
				DDECF6D72A7210AF009094F2 /* XCoordinator */,
				DDECF6D92A7210AF009094F2 /* XCoordinatorCombine */,
				DDECF6DB2A7210AF009094F2 /* XCoordinatorRx */,
				DD0AE11B2AB57DA700766EFA /* FirebaseAuth */,
				DD0AE11D2AB57DA700766EFA /* FirebaseDatabase */,
				DD0AE11F2AB57DA700766EFA /* FirebaseFirestore */,
				DD0AE1212AB57DA700766EFA /* FirebasePerformance */,
				DD0AE1232AB57DA700766EFA /* FirebaseStorage */,
			);
			productName = MoneyBee;
			productReference = DDDF63DA2A644B1000396F86 /* MoneyBee.app */;
			productType = "com.apple.product-type.application";
		};
/* End PBXNativeTarget section */

/* Begin PBXProject section */
		DDDF63D22A644B1000396F86 /* Project object */ = {
			isa = PBXProject;
			attributes = {
				BuildIndependentTargetsInParallel = 1;
				LastSwiftUpdateCheck = 1500;
				LastUpgradeCheck = 1430;
				TargetAttributes = {
					DDB70CA42ACA6FDF00B25C5F = {
						CreatedOnToolsVersion = 15.0;
						TestTargetID = DDDF63D92A644B1000396F86;
					};
					DDDF63D92A644B1000396F86 = {
						CreatedOnToolsVersion = 14.3.1;
					};
				};
			};
			buildConfigurationList = DDDF63D52A644B1000396F86 /* Build configuration list for PBXProject "MoneyBee" */;
			compatibilityVersion = "Xcode 14.0";
			developmentRegion = en;
			hasScannedForEncodings = 0;
			knownRegions = (
				en,
				Base,
			);
			mainGroup = DDDF63D12A644B1000396F86;
			packageReferences = (
				DDDF64002A644D0900396F86 /* XCRemoteSwiftPackageReference "Stevia" */,
				DDB1F63A2A67A7B00080A148 /* XCRemoteSwiftPackageReference "RxSwift" */,
				DDECF6D62A7210AF009094F2 /* XCRemoteSwiftPackageReference "XCoordinator" */,
				DD0AE11A2AB57DA700766EFA /* XCRemoteSwiftPackageReference "firebase-ios-sdk" */,
			);
			productRefGroup = DDDF63DB2A644B1000396F86 /* Products */;
			projectDirPath = "";
			projectRoot = "";
			targets = (
				DDDF63D92A644B1000396F86 /* MoneyBee */,
				DDB70CA42ACA6FDF00B25C5F /* MoneyBeeTests */,
			);
		};
/* End PBXProject section */

/* Begin PBXResourcesBuildPhase section */
		DDB70CA32ACA6FDF00B25C5F /* Resources */ = {
			isa = PBXResourcesBuildPhase;
			buildActionMask = 2147483647;
			files = (
			);
			runOnlyForDeploymentPostprocessing = 0;
		};
		DDDF63D82A644B1000396F86 /* Resources */ = {
			isa = PBXResourcesBuildPhase;
			buildActionMask = 2147483647;
			files = (
				DDDF63EA2A644B1100396F86 /* LaunchScreen.storyboard in Resources */,
				DDDF63E72A644B1100396F86 /* Assets.xcassets in Resources */,
				DD0AE1142AB5795300766EFA /* GoogleService-Info.plist in Resources */,
			);
			runOnlyForDeploymentPostprocessing = 0;
		};
/* End PBXResourcesBuildPhase section */

/* Begin PBXSourcesBuildPhase section */
		DDB70CA12ACA6FDF00B25C5F /* Sources */ = {
			isa = PBXSourcesBuildPhase;
			buildActionMask = 2147483647;
			files = (
				DDB70CB02ACA707C00B25C5F /* LoginViewTests.swift in Sources */,
				DDB70CA82ACA6FDF00B25C5F /* MoneyBeeTests.swift in Sources */,
			);
			runOnlyForDeploymentPostprocessing = 0;
		};
		DDDF63D62A644B1000396F86 /* Sources */ = {
			isa = PBXSourcesBuildPhase;
			buildActionMask = 2147483647;
			files = (
				DDECF7142A776BF7009094F2 /* NewTransactionViewModelImpl.swift in Sources */,
				DD0AE1292AB5849A00766EFA /* RegisterUserModel.swift in Sources */,
				DD7CCB702AC3CFD100877F65 /* ProfileViewModel.swift in Sources */,
				DDECF6F92A7766B1009094F2 /* AddViewModel.swift in Sources */,
				DDECF7042A776A30009094F2 /* NewSavingGoalModel.swift in Sources */,
				DDDD78D32AAAEC91001B7232 /* Extensions + HeaderView.swift in Sources */,
				DDDF640D2A64503B00396F86 /* Extensions + Color.swift in Sources */,
				DD0391622AB81B0E00FBA3C9 /* Extensions + UIView.swift in Sources */,
				DDDF641F2A64544800396F86 /* BudgetViewModelImpl.swift in Sources */,
				DDB1F6442A6A53840080A148 /* Extensions + String .swift in Sources */,
				DDECF7192A776DEB009094F2 /* AccountViewController.swift in Sources */,
				DDECF6E72A7765EC009094F2 /* DashboardViewModel.swift in Sources */,
				DD9236A52A8B19F0008FD572 /* Extension+Transition.swift in Sources */,
				DDECF6E02A77658B009094F2 /* CustomTabBarCoordinator.swift in Sources */,
				DD9D4FEB2AC8B5F0004A6CDE /* NewBudgetViewModel.swift in Sources */,
				DDECF7122A776BDD009094F2 /* NewTransactionViewModel.swift in Sources */,
				DDDF64152A6450F500396F86 /* Extensions + Combine_TextField.swift in Sources */,
				DDDF641D2A64543B00396F86 /* BudgetViewModel.swift in Sources */,
				DD7CCB6E2AC3CFBB00877F65 /* ProfileView.swift in Sources */,
				DDECF7092A776AB9009094F2 /* NewCategoryViewController.swift in Sources */,
				DDDF64172A64511300396F86 /* Extension + String.swift in Sources */,
				DDECF6E52A7765DA009094F2 /* DashboardViewController.swift in Sources */,
				DDECF7062A776A3D009094F2 /* NewSavingGoalModelImpl.swift in Sources */,
				DDDF642C2A650F5800396F86 /* RegisterationViewController.swift in Sources */,
				DD0AE1272AB581B300766EFA /* AuthService.swift in Sources */,
				DD3634102AA9976000F7495F /* GoalsCoordinator.swift in Sources */,
				DD5D42052AC88DEE00FF3581 /* GoalCollectionViewCell.swift in Sources */,
				DDDF63FB2A644CA100396F86 /* LoginViewController.swift in Sources */,
				DDECF71D2A776DFE009094F2 /* AccountViewModelImpl.swift in Sources */,
				DDECF70E2A776B23009094F2 /* NewCategoryViewModelImpl.swift in Sources */,
				DDECF6F02A77663A009094F2 /* GoalsViewModel.swift in Sources */,
				DDDF63FF2A644CBD00396F86 /* LoginViewModelImpl.swift in Sources */,
				DDDF63DE2A644B1000396F86 /* AppDelegate.swift in Sources */,
				DDECF6E92A7765F7009094F2 /* DashboardViewModelImpl.swift in Sources */,
				DDDF641B2A64514C00396F86 /* Extension + Combine_TapButton.swift in Sources */,
				DDDF64092A644DAE00396F86 /* BudgetViewController.swift in Sources */,
				DDB70CB22AD1CA9300B25C5F /* AuthorizationService.swift in Sources */,
				DD7CCB722AC3D7B500877F65 /* ProfileModel.swift in Sources */,
				DDECF6D52A721076009094F2 /* AppCoordinator.swift in Sources */,
				DD3634142AA998F400F7495F /* AccountCoordinator.swift in Sources */,
				DDB1F6422A67A7E00080A148 /* RegisterViewModelImpl.swift in Sources */,
				DDDF63F52A644BAF00396F86 /* GoalModel.swift in Sources */,
				DDDF640B2A644DCF00396F86 /* BudgetTableViewCell.swift in Sources */,
				DDDF64112A6450AF00396F86 /* Extension + UIButton.swift in Sources */,
				DD9D4FE92AC8B5D2004A6CDE /* NewBudgetView.swift in Sources */,
				DDDF64192A64512A00396F86 /* Extension + Alert.swift in Sources */,
				DDECF7012A776A15009094F2 /* NewSavingGoalViewController.swift in Sources */,
				DDDF640F2A64508600396F86 /* Extensions + HideKeyBoard.swift in Sources */,
				DD3634122AA9984A00F7495F /* AddCoordinator.swift in Sources */,
				DDB1F6402A67A7D30080A148 /* RegisterViewModel.swift in Sources */,
				DDDF64132A6450D000396F86 /* Extension + UIProgressView.swift in Sources */,
				DDECF70C2A776ADD009094F2 /* NewCategoryViewModel.swift in Sources */,
				DDECF6F72A7766A5009094F2 /* AddViewController.swift in Sources */,
				DD1C5C242ABC016A0014E75A /* Extensions + Label.swift in Sources */,
				DDECF6EE2A77662F009094F2 /* GoalsViewController.swift in Sources */,
				DD9236A32A8AF514008FD572 /* BudgetCoordinator.swift in Sources */,
				DDECF71B2A776DF4009094F2 /* AccountViewModel.swift in Sources */,
				DDDF63F32A644BA300396F86 /* UserModel.swift in Sources */,
				DDDF63E02A644B1000396F86 /* SceneDelegate.swift in Sources */,
				DDDF63FD2A644CB000396F86 /* LoginViewModel.swift in Sources */,
				DDECF7202A777733009094F2 /* DashboardCoordinator.swift in Sources */,
				DDECF6FB2A7766BB009094F2 /* AddViewModelImpl.swift in Sources */,
				DDECF6F22A776644009094F2 /* GoalsViewModelImpl.swift in Sources */,
			);
			runOnlyForDeploymentPostprocessing = 0;
		};
/* End PBXSourcesBuildPhase section */

/* Begin PBXTargetDependency section */
		DDB70CAA2ACA6FDF00B25C5F /* PBXTargetDependency */ = {
			isa = PBXTargetDependency;
			target = DDDF63D92A644B1000396F86 /* MoneyBee */;
			targetProxy = DDB70CA92ACA6FDF00B25C5F /* PBXContainerItemProxy */;
		};
/* End PBXTargetDependency section */

/* Begin PBXVariantGroup section */
		DDDF63E82A644B1100396F86 /* LaunchScreen.storyboard */ = {
			isa = PBXVariantGroup;
			children = (
				DDDF63E92A644B1100396F86 /* Base */,
			);
			name = LaunchScreen.storyboard;
			sourceTree = "<group>";
		};
/* End PBXVariantGroup section */

/* Begin XCBuildConfiguration section */
		DDB70CAB2ACA6FDF00B25C5F /* Debug */ = {
			isa = XCBuildConfiguration;
			buildSettings = {
				ASSETCATALOG_COMPILER_GENERATE_SWIFT_ASSET_SYMBOL_EXTENSIONS = YES;
				BUNDLE_LOADER = "$(TEST_HOST)";
				CODE_SIGN_STYLE = Automatic;
				CURRENT_PROJECT_VERSION = 1;
				DEVELOPMENT_TEAM = ZW3N55LCY7;
				ENABLE_USER_SCRIPT_SANDBOXING = YES;
				GCC_C_LANGUAGE_STANDARD = gnu17;
				GENERATE_INFOPLIST_FILE = YES;
				IPHONEOS_DEPLOYMENT_TARGET = 17.0;
				LOCALIZATION_PREFERS_STRING_CATALOGS = YES;
				MARKETING_VERSION = 1.0;
				PRODUCT_BUNDLE_IDENTIFIER = PavelAndreev.MoneyBeeTests;
				PRODUCT_NAME = "$(TARGET_NAME)";
				SWIFT_ACTIVE_COMPILATION_CONDITIONS = "DEBUG $(inherited)";
				SWIFT_EMIT_LOC_STRINGS = NO;
				SWIFT_VERSION = 5.0;
				TARGETED_DEVICE_FAMILY = "1,2";
				TEST_HOST = "$(BUILT_PRODUCTS_DIR)/MoneyBee.app/$(BUNDLE_EXECUTABLE_FOLDER_PATH)/MoneyBee";
			};
			name = Debug;
		};
		DDB70CAC2ACA6FDF00B25C5F /* Release */ = {
			isa = XCBuildConfiguration;
			buildSettings = {
				ASSETCATALOG_COMPILER_GENERATE_SWIFT_ASSET_SYMBOL_EXTENSIONS = YES;
				BUNDLE_LOADER = "$(TEST_HOST)";
				CODE_SIGN_STYLE = Automatic;
				CURRENT_PROJECT_VERSION = 1;
				DEVELOPMENT_TEAM = ZW3N55LCY7;
				ENABLE_USER_SCRIPT_SANDBOXING = YES;
				GCC_C_LANGUAGE_STANDARD = gnu17;
				GENERATE_INFOPLIST_FILE = YES;
				IPHONEOS_DEPLOYMENT_TARGET = 17.0;
				LOCALIZATION_PREFERS_STRING_CATALOGS = YES;
				MARKETING_VERSION = 1.0;
				PRODUCT_BUNDLE_IDENTIFIER = PavelAndreev.MoneyBeeTests;
				PRODUCT_NAME = "$(TARGET_NAME)";
				SWIFT_EMIT_LOC_STRINGS = NO;
				SWIFT_VERSION = 5.0;
				TARGETED_DEVICE_FAMILY = "1,2";
				TEST_HOST = "$(BUILT_PRODUCTS_DIR)/MoneyBee.app/$(BUNDLE_EXECUTABLE_FOLDER_PATH)/MoneyBee";
			};
			name = Release;
		};
		DDDF63EC2A644B1100396F86 /* Debug */ = {
			isa = XCBuildConfiguration;
			buildSettings = {
				ALWAYS_SEARCH_USER_PATHS = NO;
				CLANG_ANALYZER_NONNULL = YES;
				CLANG_ANALYZER_NUMBER_OBJECT_CONVERSION = YES_AGGRESSIVE;
				CLANG_CXX_LANGUAGE_STANDARD = "gnu++20";
				CLANG_ENABLE_MODULES = YES;
				CLANG_ENABLE_OBJC_ARC = YES;
				CLANG_ENABLE_OBJC_WEAK = YES;
				CLANG_WARN_BLOCK_CAPTURE_AUTORELEASING = YES;
				CLANG_WARN_BOOL_CONVERSION = YES;
				CLANG_WARN_COMMA = YES;
				CLANG_WARN_CONSTANT_CONVERSION = YES;
				CLANG_WARN_DEPRECATED_OBJC_IMPLEMENTATIONS = YES;
				CLANG_WARN_DIRECT_OBJC_ISA_USAGE = YES_ERROR;
				CLANG_WARN_DOCUMENTATION_COMMENTS = YES;
				CLANG_WARN_EMPTY_BODY = YES;
				CLANG_WARN_ENUM_CONVERSION = YES;
				CLANG_WARN_INFINITE_RECURSION = YES;
				CLANG_WARN_INT_CONVERSION = YES;
				CLANG_WARN_NON_LITERAL_NULL_CONVERSION = YES;
				CLANG_WARN_OBJC_IMPLICIT_RETAIN_SELF = YES;
				CLANG_WARN_OBJC_LITERAL_CONVERSION = YES;
				CLANG_WARN_OBJC_ROOT_CLASS = YES_ERROR;
				CLANG_WARN_QUOTED_INCLUDE_IN_FRAMEWORK_HEADER = YES;
				CLANG_WARN_RANGE_LOOP_ANALYSIS = YES;
				CLANG_WARN_STRICT_PROTOTYPES = YES;
				CLANG_WARN_SUSPICIOUS_MOVE = YES;
				CLANG_WARN_UNGUARDED_AVAILABILITY = YES_AGGRESSIVE;
				CLANG_WARN_UNREACHABLE_CODE = YES;
				CLANG_WARN__DUPLICATE_METHOD_MATCH = YES;
				COPY_PHASE_STRIP = NO;
				DEBUG_INFORMATION_FORMAT = dwarf;
				ENABLE_STRICT_OBJC_MSGSEND = YES;
				ENABLE_TESTABILITY = YES;
				GCC_C_LANGUAGE_STANDARD = gnu11;
				GCC_DYNAMIC_NO_PIC = NO;
				GCC_NO_COMMON_BLOCKS = YES;
				GCC_OPTIMIZATION_LEVEL = 0;
				GCC_PREPROCESSOR_DEFINITIONS = (
					"DEBUG=1",
					"$(inherited)",
				);
				GCC_WARN_64_TO_32_BIT_CONVERSION = YES;
				GCC_WARN_ABOUT_RETURN_TYPE = YES_ERROR;
				GCC_WARN_UNDECLARED_SELECTOR = YES;
				GCC_WARN_UNINITIALIZED_AUTOS = YES_AGGRESSIVE;
				GCC_WARN_UNUSED_FUNCTION = YES;
				GCC_WARN_UNUSED_VARIABLE = YES;
				IPHONEOS_DEPLOYMENT_TARGET = 16.4;
				MTL_ENABLE_DEBUG_INFO = INCLUDE_SOURCE;
				MTL_FAST_MATH = YES;
				ONLY_ACTIVE_ARCH = YES;
				SDKROOT = iphoneos;
				SWIFT_ACTIVE_COMPILATION_CONDITIONS = DEBUG;
				SWIFT_OPTIMIZATION_LEVEL = "-Onone";
			};
			name = Debug;
		};
		DDDF63ED2A644B1100396F86 /* Release */ = {
			isa = XCBuildConfiguration;
			buildSettings = {
				ALWAYS_SEARCH_USER_PATHS = NO;
				CLANG_ANALYZER_NONNULL = YES;
				CLANG_ANALYZER_NUMBER_OBJECT_CONVERSION = YES_AGGRESSIVE;
				CLANG_CXX_LANGUAGE_STANDARD = "gnu++20";
				CLANG_ENABLE_MODULES = YES;
				CLANG_ENABLE_OBJC_ARC = YES;
				CLANG_ENABLE_OBJC_WEAK = YES;
				CLANG_WARN_BLOCK_CAPTURE_AUTORELEASING = YES;
				CLANG_WARN_BOOL_CONVERSION = YES;
				CLANG_WARN_COMMA = YES;
				CLANG_WARN_CONSTANT_CONVERSION = YES;
				CLANG_WARN_DEPRECATED_OBJC_IMPLEMENTATIONS = YES;
				CLANG_WARN_DIRECT_OBJC_ISA_USAGE = YES_ERROR;
				CLANG_WARN_DOCUMENTATION_COMMENTS = YES;
				CLANG_WARN_EMPTY_BODY = YES;
				CLANG_WARN_ENUM_CONVERSION = YES;
				CLANG_WARN_INFINITE_RECURSION = YES;
				CLANG_WARN_INT_CONVERSION = YES;
				CLANG_WARN_NON_LITERAL_NULL_CONVERSION = YES;
				CLANG_WARN_OBJC_IMPLICIT_RETAIN_SELF = YES;
				CLANG_WARN_OBJC_LITERAL_CONVERSION = YES;
				CLANG_WARN_OBJC_ROOT_CLASS = YES_ERROR;
				CLANG_WARN_QUOTED_INCLUDE_IN_FRAMEWORK_HEADER = YES;
				CLANG_WARN_RANGE_LOOP_ANALYSIS = YES;
				CLANG_WARN_STRICT_PROTOTYPES = YES;
				CLANG_WARN_SUSPICIOUS_MOVE = YES;
				CLANG_WARN_UNGUARDED_AVAILABILITY = YES_AGGRESSIVE;
				CLANG_WARN_UNREACHABLE_CODE = YES;
				CLANG_WARN__DUPLICATE_METHOD_MATCH = YES;
				COPY_PHASE_STRIP = NO;
				DEBUG_INFORMATION_FORMAT = "dwarf-with-dsym";
				ENABLE_NS_ASSERTIONS = NO;
				ENABLE_STRICT_OBJC_MSGSEND = YES;
				GCC_C_LANGUAGE_STANDARD = gnu11;
				GCC_NO_COMMON_BLOCKS = YES;
				GCC_WARN_64_TO_32_BIT_CONVERSION = YES;
				GCC_WARN_ABOUT_RETURN_TYPE = YES_ERROR;
				GCC_WARN_UNDECLARED_SELECTOR = YES;
				GCC_WARN_UNINITIALIZED_AUTOS = YES_AGGRESSIVE;
				GCC_WARN_UNUSED_FUNCTION = YES;
				GCC_WARN_UNUSED_VARIABLE = YES;
				IPHONEOS_DEPLOYMENT_TARGET = 16.4;
				MTL_ENABLE_DEBUG_INFO = NO;
				MTL_FAST_MATH = YES;
				SDKROOT = iphoneos;
				SWIFT_COMPILATION_MODE = wholemodule;
				SWIFT_OPTIMIZATION_LEVEL = "-O";
				VALIDATE_PRODUCT = YES;
			};
			name = Release;
		};
		DDDF63EF2A644B1100396F86 /* Debug */ = {
			isa = XCBuildConfiguration;
			buildSettings = {
				ALWAYS_EMBED_SWIFT_STANDARD_LIBRARIES = YES;
				ASSETCATALOG_COMPILER_APPICON_NAME = AppIcon;
				ASSETCATALOG_COMPILER_GLOBAL_ACCENT_COLOR_NAME = AccentColor;
				CODE_SIGN_STYLE = Automatic;
				CURRENT_PROJECT_VERSION = 1;
				DEVELOPMENT_TEAM = ZW3N55LCY7;
				GENERATE_INFOPLIST_FILE = YES;
				INFOPLIST_FILE = MoneyBee/Info.plist;
				INFOPLIST_KEY_UIApplicationSupportsIndirectInputEvents = YES;
				INFOPLIST_KEY_UILaunchStoryboardName = LaunchScreen;
				INFOPLIST_KEY_UISupportedInterfaceOrientations = UIInterfaceOrientationPortrait;
				LD_RUNPATH_SEARCH_PATHS = (
					"$(inherited)",
					"@executable_path/Frameworks",
				);
				MARKETING_VERSION = 1.0;
				PRODUCT_BUNDLE_IDENTIFIER = "my-team.MoneyBee";
				PRODUCT_NAME = "$(TARGET_NAME)";
				SUPPORTED_PLATFORMS = "iphoneos iphonesimulator";
				SUPPORTS_MACCATALYST = NO;
				SUPPORTS_MAC_DESIGNED_FOR_IPHONE_IPAD = YES;
				SWIFT_EMIT_LOC_STRINGS = YES;
				SWIFT_VERSION = 5.0;
				TARGETED_DEVICE_FAMILY = 1;
				URL = www.dev.com;
			};
			name = Debug;
		};
		DDDF63F02A644B1100396F86 /* Release */ = {
			isa = XCBuildConfiguration;
			buildSettings = {
				ALWAYS_EMBED_SWIFT_STANDARD_LIBRARIES = YES;
				ASSETCATALOG_COMPILER_APPICON_NAME = AppIcon;
				ASSETCATALOG_COMPILER_GLOBAL_ACCENT_COLOR_NAME = AccentColor;
				CODE_SIGN_STYLE = Automatic;
				CURRENT_PROJECT_VERSION = 1;
				DEVELOPMENT_TEAM = ZW3N55LCY7;
				GENERATE_INFOPLIST_FILE = YES;
				INFOPLIST_FILE = MoneyBee/Info.plist;
				INFOPLIST_KEY_UIApplicationSupportsIndirectInputEvents = YES;
				INFOPLIST_KEY_UILaunchStoryboardName = LaunchScreen;
				INFOPLIST_KEY_UISupportedInterfaceOrientations = UIInterfaceOrientationPortrait;
				LD_RUNPATH_SEARCH_PATHS = (
					"$(inherited)",
					"@executable_path/Frameworks",
				);
				MARKETING_VERSION = 1.0;
				PRODUCT_BUNDLE_IDENTIFIER = "my-team.MoneyBee";
				PRODUCT_NAME = "$(TARGET_NAME)";
				SUPPORTED_PLATFORMS = "iphoneos iphonesimulator";
				SUPPORTS_MACCATALYST = NO;
				SUPPORTS_MAC_DESIGNED_FOR_IPHONE_IPAD = YES;
				SWIFT_EMIT_LOC_STRINGS = YES;
				SWIFT_VERSION = 5.0;
				TARGETED_DEVICE_FAMILY = 1;
				URL = www.release.com;
			};
			name = Release;
		};
/* End XCBuildConfiguration section */

/* Begin XCConfigurationList section */
		DDB70CAD2ACA6FDF00B25C5F /* Build configuration list for PBXNativeTarget "MoneyBeeTests" */ = {
			isa = XCConfigurationList;
			buildConfigurations = (
				DDB70CAB2ACA6FDF00B25C5F /* Debug */,
				DDB70CAC2ACA6FDF00B25C5F /* Release */,
			);
			defaultConfigurationIsVisible = 0;
			defaultConfigurationName = Release;
		};
		DDDF63D52A644B1000396F86 /* Build configuration list for PBXProject "MoneyBee" */ = {
			isa = XCConfigurationList;
			buildConfigurations = (
				DDDF63EC2A644B1100396F86 /* Debug */,
				DDDF63ED2A644B1100396F86 /* Release */,
			);
			defaultConfigurationIsVisible = 0;
			defaultConfigurationName = Release;
		};
		DDDF63EE2A644B1100396F86 /* Build configuration list for PBXNativeTarget "MoneyBee" */ = {
			isa = XCConfigurationList;
			buildConfigurations = (
				DDDF63EF2A644B1100396F86 /* Debug */,
				DDDF63F02A644B1100396F86 /* Release */,
			);
			defaultConfigurationIsVisible = 0;
			defaultConfigurationName = Release;
		};
/* End XCConfigurationList section */

/* Begin XCRemoteSwiftPackageReference section */
		DD0AE11A2AB57DA700766EFA /* XCRemoteSwiftPackageReference "firebase-ios-sdk" */ = {
			isa = XCRemoteSwiftPackageReference;
			repositoryURL = "https://github.com/firebase/firebase-ios-sdk";
			requirement = {
				kind = upToNextMajorVersion;
				minimumVersion = 10.0.0;
			};
		};
		DDB1F63A2A67A7B00080A148 /* XCRemoteSwiftPackageReference "RxSwift" */ = {
			isa = XCRemoteSwiftPackageReference;
			repositoryURL = "https://github.com/ReactiveX/RxSwift";
			requirement = {
				kind = upToNextMajorVersion;
				minimumVersion = 6.0.0;
			};
		};
		DDDF64002A644D0900396F86 /* XCRemoteSwiftPackageReference "Stevia" */ = {
			isa = XCRemoteSwiftPackageReference;
			repositoryURL = "https://github.com/freshOS/Stevia";
			requirement = {
				kind = upToNextMajorVersion;
				minimumVersion = 5.0.0;
			};
		};
		DDECF6D62A7210AF009094F2 /* XCRemoteSwiftPackageReference "XCoordinator" */ = {
			isa = XCRemoteSwiftPackageReference;
			repositoryURL = "https://github.com/QuickBirdEng/XCoordinator";
			requirement = {
				kind = upToNextMajorVersion;
				minimumVersion = 2.0.0;
			};
		};
/* End XCRemoteSwiftPackageReference section */

/* Begin XCSwiftPackageProductDependency section */
		DD0AE11B2AB57DA700766EFA /* FirebaseAuth */ = {
			isa = XCSwiftPackageProductDependency;
			package = DD0AE11A2AB57DA700766EFA /* XCRemoteSwiftPackageReference "firebase-ios-sdk" */;
			productName = FirebaseAuth;
		};
		DD0AE11D2AB57DA700766EFA /* FirebaseDatabase */ = {
			isa = XCSwiftPackageProductDependency;
			package = DD0AE11A2AB57DA700766EFA /* XCRemoteSwiftPackageReference "firebase-ios-sdk" */;
			productName = FirebaseDatabase;
		};
		DD0AE11F2AB57DA700766EFA /* FirebaseFirestore */ = {
			isa = XCSwiftPackageProductDependency;
			package = DD0AE11A2AB57DA700766EFA /* XCRemoteSwiftPackageReference "firebase-ios-sdk" */;
			productName = FirebaseFirestore;
		};
		DD0AE1212AB57DA700766EFA /* FirebasePerformance */ = {
			isa = XCSwiftPackageProductDependency;
			package = DD0AE11A2AB57DA700766EFA /* XCRemoteSwiftPackageReference "firebase-ios-sdk" */;
			productName = FirebasePerformance;
		};
		DD0AE1232AB57DA700766EFA /* FirebaseStorage */ = {
			isa = XCSwiftPackageProductDependency;
			package = DD0AE11A2AB57DA700766EFA /* XCRemoteSwiftPackageReference "firebase-ios-sdk" */;
			productName = FirebaseStorage;
		};
		DDB1F63B2A67A7B00080A148 /* RxCocoa */ = {
			isa = XCSwiftPackageProductDependency;
			package = DDB1F63A2A67A7B00080A148 /* XCRemoteSwiftPackageReference "RxSwift" */;
			productName = RxCocoa;
		};
		DDB1F63D2A67A7B00080A148 /* RxSwift */ = {
			isa = XCSwiftPackageProductDependency;
			package = DDB1F63A2A67A7B00080A148 /* XCRemoteSwiftPackageReference "RxSwift" */;
			productName = RxSwift;
		};
		DDDF64012A644D0900396F86 /* Stevia */ = {
			isa = XCSwiftPackageProductDependency;
			package = DDDF64002A644D0900396F86 /* XCRemoteSwiftPackageReference "Stevia" */;
			productName = Stevia;
		};
		DDECF6D72A7210AF009094F2 /* XCoordinator */ = {
			isa = XCSwiftPackageProductDependency;
			package = DDECF6D62A7210AF009094F2 /* XCRemoteSwiftPackageReference "XCoordinator" */;
			productName = XCoordinator;
		};
		DDECF6D92A7210AF009094F2 /* XCoordinatorCombine */ = {
			isa = XCSwiftPackageProductDependency;
			package = DDECF6D62A7210AF009094F2 /* XCRemoteSwiftPackageReference "XCoordinator" */;
			productName = XCoordinatorCombine;
		};
		DDECF6DB2A7210AF009094F2 /* XCoordinatorRx */ = {
			isa = XCSwiftPackageProductDependency;
			package = DDECF6D62A7210AF009094F2 /* XCRemoteSwiftPackageReference "XCoordinator" */;
			productName = XCoordinatorRx;
		};
/* End XCSwiftPackageProductDependency section */
	};
	rootObject = DDDF63D22A644B1000396F86 /* Project object */;
}
