// !$*UTF8*$!
{
	archiveVersion = 1;
	classes = {
	};
	objectVersion = 56;
	objects = {

/* Begin PBXBuildFile section */
		DDDF63DE2A644B1000396F86 /* AppDelegate.swift in Sources */ = {isa = PBXBuildFile; fileRef = DDDF63DD2A644B1000396F86 /* AppDelegate.swift */; };
		DDDF63E02A644B1000396F86 /* SceneDelegate.swift in Sources */ = {isa = PBXBuildFile; fileRef = DDDF63DF2A644B1000396F86 /* SceneDelegate.swift */; };
		DDDF63E22A644B1000396F86 /* ViewController.swift in Sources */ = {isa = PBXBuildFile; fileRef = DDDF63E12A644B1000396F86 /* ViewController.swift */; };
		DDDF63E72A644B1100396F86 /* Assets.xcassets in Resources */ = {isa = PBXBuildFile; fileRef = DDDF63E62A644B1100396F86 /* Assets.xcassets */; };
		DDDF63EA2A644B1100396F86 /* LaunchScreen.storyboard in Resources */ = {isa = PBXBuildFile; fileRef = DDDF63E82A644B1100396F86 /* LaunchScreen.storyboard */; };
		DDDF63F32A644BA300396F86 /* UserModel.swift in Sources */ = {isa = PBXBuildFile; fileRef = DDDF63F22A644BA300396F86 /* UserModel.swift */; };
		DDDF63F52A644BAF00396F86 /* GoalModel.swift in Sources */ = {isa = PBXBuildFile; fileRef = DDDF63F42A644BAF00396F86 /* GoalModel.swift */; };
		DDDF63FB2A644CA100396F86 /* LoginViewController.swift in Sources */ = {isa = PBXBuildFile; fileRef = DDDF63FA2A644CA100396F86 /* LoginViewController.swift */; };
		DDDF63FD2A644CB000396F86 /* LoginViewModel.swift in Sources */ = {isa = PBXBuildFile; fileRef = DDDF63FC2A644CB000396F86 /* LoginViewModel.swift */; };
		DDDF63FF2A644CBD00396F86 /* LoginViewModelImpl.swift in Sources */ = {isa = PBXBuildFile; fileRef = DDDF63FE2A644CBD00396F86 /* LoginViewModelImpl.swift */; };
		DDDF64022A644D0900396F86 /* Stevia in Frameworks */ = {isa = PBXBuildFile; productRef = DDDF64012A644D0900396F86 /* Stevia */; };
		DDDF64092A644DAE00396F86 /* BudgetViewController.swift in Sources */ = {isa = PBXBuildFile; fileRef = DDDF64082A644DAE00396F86 /* BudgetViewController.swift */; };
		DDDF640B2A644DCF00396F86 /* BudgetTableViewCell.swift in Sources */ = {isa = PBXBuildFile; fileRef = DDDF640A2A644DCF00396F86 /* BudgetTableViewCell.swift */; };
		DDDF640D2A64503B00396F86 /* Extensions + Color.swift in Sources */ = {isa = PBXBuildFile; fileRef = DDDF640C2A64503B00396F86 /* Extensions + Color.swift */; };
		DDDF640F2A64508600396F86 /* Extensions + HideKeyBoard.swift in Sources */ = {isa = PBXBuildFile; fileRef = DDDF640E2A64508600396F86 /* Extensions + HideKeyBoard.swift */; };
		DDDF64112A6450AF00396F86 /* Extension + UIButton.swift in Sources */ = {isa = PBXBuildFile; fileRef = DDDF64102A6450AF00396F86 /* Extension + UIButton.swift */; };
		DDDF64132A6450D000396F86 /* Extension + UIProgressView.swift in Sources */ = {isa = PBXBuildFile; fileRef = DDDF64122A6450D000396F86 /* Extension + UIProgressView.swift */; };
		DDDF64152A6450F500396F86 /* Extensions + Combine_TextField.swift in Sources */ = {isa = PBXBuildFile; fileRef = DDDF64142A6450F500396F86 /* Extensions + Combine_TextField.swift */; };
		DDDF64172A64511300396F86 /* Extension + String.swift in Sources */ = {isa = PBXBuildFile; fileRef = DDDF64162A64511300396F86 /* Extension + String.swift */; };
		DDDF64192A64512A00396F86 /* Extension + Alert.swift in Sources */ = {isa = PBXBuildFile; fileRef = DDDF64182A64512A00396F86 /* Extension + Alert.swift */; };
		DDDF641B2A64514C00396F86 /* Extension + Combine_TapButton.swift in Sources */ = {isa = PBXBuildFile; fileRef = DDDF641A2A64514C00396F86 /* Extension + Combine_TapButton.swift */; };
/* End PBXBuildFile section */

/* Begin PBXFileReference section */
		DDDF63DA2A644B1000396F86 /* MoneyBee.app */ = {isa = PBXFileReference; explicitFileType = wrapper.application; includeInIndex = 0; path = MoneyBee.app; sourceTree = BUILT_PRODUCTS_DIR; };
		DDDF63DD2A644B1000396F86 /* AppDelegate.swift */ = {isa = PBXFileReference; lastKnownFileType = sourcecode.swift; path = AppDelegate.swift; sourceTree = "<group>"; };
		DDDF63DF2A644B1000396F86 /* SceneDelegate.swift */ = {isa = PBXFileReference; lastKnownFileType = sourcecode.swift; path = SceneDelegate.swift; sourceTree = "<group>"; };
		DDDF63E12A644B1000396F86 /* ViewController.swift */ = {isa = PBXFileReference; lastKnownFileType = sourcecode.swift; path = ViewController.swift; sourceTree = "<group>"; };
		DDDF63E62A644B1100396F86 /* Assets.xcassets */ = {isa = PBXFileReference; lastKnownFileType = folder.assetcatalog; path = Assets.xcassets; sourceTree = "<group>"; };
		DDDF63E92A644B1100396F86 /* Base */ = {isa = PBXFileReference; lastKnownFileType = file.storyboard; name = Base; path = Base.lproj/LaunchScreen.storyboard; sourceTree = "<group>"; };
		DDDF63EB2A644B1100396F86 /* Info.plist */ = {isa = PBXFileReference; lastKnownFileType = text.plist.xml; path = Info.plist; sourceTree = "<group>"; };
		DDDF63F22A644BA300396F86 /* UserModel.swift */ = {isa = PBXFileReference; lastKnownFileType = sourcecode.swift; path = UserModel.swift; sourceTree = "<group>"; };
		DDDF63F42A644BAF00396F86 /* GoalModel.swift */ = {isa = PBXFileReference; lastKnownFileType = sourcecode.swift; path = GoalModel.swift; sourceTree = "<group>"; };
		DDDF63FA2A644CA100396F86 /* LoginViewController.swift */ = {isa = PBXFileReference; lastKnownFileType = sourcecode.swift; path = LoginViewController.swift; sourceTree = "<group>"; };
		DDDF63FC2A644CB000396F86 /* LoginViewModel.swift */ = {isa = PBXFileReference; lastKnownFileType = sourcecode.swift; path = LoginViewModel.swift; sourceTree = "<group>"; };
		DDDF63FE2A644CBD00396F86 /* LoginViewModelImpl.swift */ = {isa = PBXFileReference; lastKnownFileType = sourcecode.swift; path = LoginViewModelImpl.swift; sourceTree = "<group>"; };
		DDDF64082A644DAE00396F86 /* BudgetViewController.swift */ = {isa = PBXFileReference; lastKnownFileType = sourcecode.swift; path = BudgetViewController.swift; sourceTree = "<group>"; };
		DDDF640A2A644DCF00396F86 /* BudgetTableViewCell.swift */ = {isa = PBXFileReference; lastKnownFileType = sourcecode.swift; path = BudgetTableViewCell.swift; sourceTree = "<group>"; };
		DDDF640C2A64503B00396F86 /* Extensions + Color.swift */ = {isa = PBXFileReference; lastKnownFileType = sourcecode.swift; path = "Extensions + Color.swift"; sourceTree = "<group>"; };
		DDDF640E2A64508600396F86 /* Extensions + HideKeyBoard.swift */ = {isa = PBXFileReference; lastKnownFileType = sourcecode.swift; path = "Extensions + HideKeyBoard.swift"; sourceTree = "<group>"; };
		DDDF64102A6450AF00396F86 /* Extension + UIButton.swift */ = {isa = PBXFileReference; lastKnownFileType = sourcecode.swift; path = "Extension + UIButton.swift"; sourceTree = "<group>"; };
		DDDF64122A6450D000396F86 /* Extension + UIProgressView.swift */ = {isa = PBXFileReference; lastKnownFileType = sourcecode.swift; path = "Extension + UIProgressView.swift"; sourceTree = "<group>"; };
		DDDF64142A6450F500396F86 /* Extensions + Combine_TextField.swift */ = {isa = PBXFileReference; lastKnownFileType = sourcecode.swift; path = "Extensions + Combine_TextField.swift"; sourceTree = "<group>"; };
		DDDF64162A64511300396F86 /* Extension + String.swift */ = {isa = PBXFileReference; lastKnownFileType = sourcecode.swift; path = "Extension + String.swift"; sourceTree = "<group>"; };
		DDDF64182A64512A00396F86 /* Extension + Alert.swift */ = {isa = PBXFileReference; lastKnownFileType = sourcecode.swift; path = "Extension + Alert.swift"; sourceTree = "<group>"; };
		DDDF641A2A64514C00396F86 /* Extension + Combine_TapButton.swift */ = {isa = PBXFileReference; lastKnownFileType = sourcecode.swift; path = "Extension + Combine_TapButton.swift"; sourceTree = "<group>"; };
/* End PBXFileReference section */

/* Begin PBXFrameworksBuildPhase section */
		DDDF63D72A644B1000396F86 /* Frameworks */ = {
			isa = PBXFrameworksBuildPhase;
			buildActionMask = 2147483647;
			files = (
				DDDF64022A644D0900396F86 /* Stevia in Frameworks */,
			);
			runOnlyForDeploymentPostprocessing = 0;
		};
/* End PBXFrameworksBuildPhase section */

/* Begin PBXGroup section */
		DDDF63D12A644B1000396F86 = {
			isa = PBXGroup;
			children = (
				DDDF63DC2A644B1000396F86 /* MoneyBee */,
				DDDF63DB2A644B1000396F86 /* Products */,
			);
			sourceTree = "<group>";
		};
		DDDF63DB2A644B1000396F86 /* Products */ = {
			isa = PBXGroup;
			children = (
				DDDF63DA2A644B1000396F86 /* MoneyBee.app */,
			);
			name = Products;
			sourceTree = "<group>";
		};
		DDDF63DC2A644B1000396F86 /* MoneyBee */ = {
			isa = PBXGroup;
			children = (
				DDDF64032A644D5400396F86 /* Extensions */,
				DDDF63F12A644B7C00396F86 /* Models */,
				DDDF64042A644D7400396F86 /* Budget */,
				DDDF63F72A644C7E00396F86 /* Login */,
				DDDF63F62A644BE500396F86 /* SystemFiles */,
				DDDF63E12A644B1000396F86 /* ViewController.swift */,
				DDDF63E62A644B1100396F86 /* Assets.xcassets */,
				DDDF63E82A644B1100396F86 /* LaunchScreen.storyboard */,
				DDDF63EB2A644B1100396F86 /* Info.plist */,
			);
			path = MoneyBee;
			sourceTree = "<group>";
		};
		DDDF63F12A644B7C00396F86 /* Models */ = {
			isa = PBXGroup;
			children = (
				DDDF63F22A644BA300396F86 /* UserModel.swift */,
				DDDF63F42A644BAF00396F86 /* GoalModel.swift */,
			);
			path = Models;
			sourceTree = "<group>";
		};
		DDDF63F62A644BE500396F86 /* SystemFiles */ = {
			isa = PBXGroup;
			children = (
				DDDF63DD2A644B1000396F86 /* AppDelegate.swift */,
				DDDF63DF2A644B1000396F86 /* SceneDelegate.swift */,
			);
			path = SystemFiles;
			sourceTree = "<group>";
		};
		DDDF63F72A644C7E00396F86 /* Login */ = {
			isa = PBXGroup;
			children = (
				DDDF63F92A644C8B00396F86 /* ViewModel */,
				DDDF63F82A644C8600396F86 /* View */,
			);
			path = Login;
			sourceTree = "<group>";
		};
		DDDF63F82A644C8600396F86 /* View */ = {
			isa = PBXGroup;
			children = (
				DDDF63FA2A644CA100396F86 /* LoginViewController.swift */,
			);
			path = View;
			sourceTree = "<group>";
		};
		DDDF63F92A644C8B00396F86 /* ViewModel */ = {
			isa = PBXGroup;
			children = (
				DDDF63FC2A644CB000396F86 /* LoginViewModel.swift */,
				DDDF63FE2A644CBD00396F86 /* LoginViewModelImpl.swift */,
			);
			path = ViewModel;
			sourceTree = "<group>";
		};
		DDDF64032A644D5400396F86 /* Extensions */ = {
			isa = PBXGroup;
			children = (
				DDDF640C2A64503B00396F86 /* Extensions + Color.swift */,
				DDDF640E2A64508600396F86 /* Extensions + HideKeyBoard.swift */,
				DDDF64102A6450AF00396F86 /* Extension + UIButton.swift */,
				DDDF64122A6450D000396F86 /* Extension + UIProgressView.swift */,
				DDDF64142A6450F500396F86 /* Extensions + Combine_TextField.swift */,
				DDDF64162A64511300396F86 /* Extension + String.swift */,
				DDDF64182A64512A00396F86 /* Extension + Alert.swift */,
				DDDF641A2A64514C00396F86 /* Extension + Combine_TapButton.swift */,
			);
			path = Extensions;
			sourceTree = "<group>";
		};
		DDDF64042A644D7400396F86 /* Budget */ = {
			isa = PBXGroup;
			children = (
				DDDF64072A644D8C00396F86 /* Cells */,
				DDDF64062A644D8200396F86 /* ViewModel */,
				DDDF64052A644D7C00396F86 /* View */,
			);
			path = Budget;
			sourceTree = "<group>";
		};
		DDDF64052A644D7C00396F86 /* View */ = {
			isa = PBXGroup;
			children = (
				DDDF64082A644DAE00396F86 /* BudgetViewController.swift */,
			);
			path = View;
			sourceTree = "<group>";
		};
		DDDF64062A644D8200396F86 /* ViewModel */ = {
			isa = PBXGroup;
			children = (
			);
			path = ViewModel;
			sourceTree = "<group>";
		};
		DDDF64072A644D8C00396F86 /* Cells */ = {
			isa = PBXGroup;
			children = (
				DDDF640A2A644DCF00396F86 /* BudgetTableViewCell.swift */,
			);
			path = Cells;
			sourceTree = "<group>";
		};
/* End PBXGroup section */

/* Begin PBXNativeTarget section */
		DDDF63D92A644B1000396F86 /* MoneyBee */ = {
			isa = PBXNativeTarget;
			buildConfigurationList = DDDF63EE2A644B1100396F86 /* Build configuration list for PBXNativeTarget "MoneyBee" */;
			buildPhases = (
				DDDF63D62A644B1000396F86 /* Sources */,
				DDDF63D72A644B1000396F86 /* Frameworks */,
				DDDF63D82A644B1000396F86 /* Resources */,
			);
			buildRules = (
			);
			dependencies = (
			);
			name = MoneyBee;
			packageProductDependencies = (
				DDDF64012A644D0900396F86 /* Stevia */,
			);
			productName = MoneyBee;
			productReference = DDDF63DA2A644B1000396F86 /* MoneyBee.app */;
			productType = "com.apple.product-type.application";
		};
/* End PBXNativeTarget section */

/* Begin PBXProject section */
		DDDF63D22A644B1000396F86 /* Project object */ = {
			isa = PBXProject;
			attributes = {
				BuildIndependentTargetsInParallel = 1;
				LastSwiftUpdateCheck = 1430;
				LastUpgradeCheck = 1430;
				TargetAttributes = {
					DDDF63D92A644B1000396F86 = {
						CreatedOnToolsVersion = 14.3.1;
					};
				};
			};
			buildConfigurationList = DDDF63D52A644B1000396F86 /* Build configuration list for PBXProject "MoneyBee" */;
			compatibilityVersion = "Xcode 14.0";
			developmentRegion = en;
			hasScannedForEncodings = 0;
			knownRegions = (
				en,
				Base,
			);
			mainGroup = DDDF63D12A644B1000396F86;
			packageReferences = (
				DDDF64002A644D0900396F86 /* XCRemoteSwiftPackageReference "Stevia" */,
			);
			productRefGroup = DDDF63DB2A644B1000396F86 /* Products */;
			projectDirPath = "";
			projectRoot = "";
			targets = (
				DDDF63D92A644B1000396F86 /* MoneyBee */,
			);
		};
/* End PBXProject section */

/* Begin PBXResourcesBuildPhase section */
		DDDF63D82A644B1000396F86 /* Resources */ = {
			isa = PBXResourcesBuildPhase;
			buildActionMask = 2147483647;
			files = (
				DDDF63EA2A644B1100396F86 /* LaunchScreen.storyboard in Resources */,
				DDDF63E72A644B1100396F86 /* Assets.xcassets in Resources */,
			);
			runOnlyForDeploymentPostprocessing = 0;
		};
/* End PBXResourcesBuildPhase section */

/* Begin PBXSourcesBuildPhase section */
		DDDF63D62A644B1000396F86 /* Sources */ = {
			isa = PBXSourcesBuildPhase;
			buildActionMask = 2147483647;
			files = (
				DDDF640D2A64503B00396F86 /* Extensions + Color.swift in Sources */,
				DDDF64152A6450F500396F86 /* Extensions + Combine_TextField.swift in Sources */,
				DDDF64172A64511300396F86 /* Extension + String.swift in Sources */,
				DDDF63FB2A644CA100396F86 /* LoginViewController.swift in Sources */,
				DDDF63E22A644B1000396F86 /* ViewController.swift in Sources */,
				DDDF63FF2A644CBD00396F86 /* LoginViewModelImpl.swift in Sources */,
				DDDF63DE2A644B1000396F86 /* AppDelegate.swift in Sources */,
				DDDF641B2A64514C00396F86 /* Extension + Combine_TapButton.swift in Sources */,
				DDDF64092A644DAE00396F86 /* BudgetViewController.swift in Sources */,
				DDDF63F52A644BAF00396F86 /* GoalModel.swift in Sources */,
				DDDF640B2A644DCF00396F86 /* BudgetTableViewCell.swift in Sources */,
				DDDF64112A6450AF00396F86 /* Extension + UIButton.swift in Sources */,
				DDDF64192A64512A00396F86 /* Extension + Alert.swift in Sources */,
				DDDF640F2A64508600396F86 /* Extensions + HideKeyBoard.swift in Sources */,
				DDDF64132A6450D000396F86 /* Extension + UIProgressView.swift in Sources */,
				DDDF63F32A644BA300396F86 /* UserModel.swift in Sources */,
				DDDF63E02A644B1000396F86 /* SceneDelegate.swift in Sources */,
				DDDF63FD2A644CB000396F86 /* LoginViewModel.swift in Sources */,
			);
			runOnlyForDeploymentPostprocessing = 0;
		};
/* End PBXSourcesBuildPhase section */

/* Begin PBXVariantGroup section */
		DDDF63E82A644B1100396F86 /* LaunchScreen.storyboard */ = {
			isa = PBXVariantGroup;
			children = (
				DDDF63E92A644B1100396F86 /* Base */,
			);
			name = LaunchScreen.storyboard;
			sourceTree = "<group>";
		};
/* End PBXVariantGroup section */

/* Begin XCBuildConfiguration section */
		DDDF63EC2A644B1100396F86 /* Debug */ = {
			isa = XCBuildConfiguration;
			buildSettings = {
				ALWAYS_SEARCH_USER_PATHS = NO;
				CLANG_ANALYZER_NONNULL = YES;
				CLANG_ANALYZER_NUMBER_OBJECT_CONVERSION = YES_AGGRESSIVE;
				CLANG_CXX_LANGUAGE_STANDARD = "gnu++20";
				CLANG_ENABLE_MODULES = YES;
				CLANG_ENABLE_OBJC_ARC = YES;
				CLANG_ENABLE_OBJC_WEAK = YES;
				CLANG_WARN_BLOCK_CAPTURE_AUTORELEASING = YES;
				CLANG_WARN_BOOL_CONVERSION = YES;
				CLANG_WARN_COMMA = YES;
				CLANG_WARN_CONSTANT_CONVERSION = YES;
				CLANG_WARN_DEPRECATED_OBJC_IMPLEMENTATIONS = YES;
				CLANG_WARN_DIRECT_OBJC_ISA_USAGE = YES_ERROR;
				CLANG_WARN_DOCUMENTATION_COMMENTS = YES;
				CLANG_WARN_EMPTY_BODY = YES;
				CLANG_WARN_ENUM_CONVERSION = YES;
				CLANG_WARN_INFINITE_RECURSION = YES;
				CLANG_WARN_INT_CONVERSION = YES;
				CLANG_WARN_NON_LITERAL_NULL_CONVERSION = YES;
				CLANG_WARN_OBJC_IMPLICIT_RETAIN_SELF = YES;
				CLANG_WARN_OBJC_LITERAL_CONVERSION = YES;
				CLANG_WARN_OBJC_ROOT_CLASS = YES_ERROR;
				CLANG_WARN_QUOTED_INCLUDE_IN_FRAMEWORK_HEADER = YES;
				CLANG_WARN_RANGE_LOOP_ANALYSIS = YES;
				CLANG_WARN_STRICT_PROTOTYPES = YES;
				CLANG_WARN_SUSPICIOUS_MOVE = YES;
				CLANG_WARN_UNGUARDED_AVAILABILITY = YES_AGGRESSIVE;
				CLANG_WARN_UNREACHABLE_CODE = YES;
				CLANG_WARN__DUPLICATE_METHOD_MATCH = YES;
				COPY_PHASE_STRIP = NO;
				DEBUG_INFORMATION_FORMAT = dwarf;
				ENABLE_STRICT_OBJC_MSGSEND = YES;
				ENABLE_TESTABILITY = YES;
				GCC_C_LANGUAGE_STANDARD = gnu11;
				GCC_DYNAMIC_NO_PIC = NO;
				GCC_NO_COMMON_BLOCKS = YES;
				GCC_OPTIMIZATION_LEVEL = 0;
				GCC_PREPROCESSOR_DEFINITIONS = (
					"DEBUG=1",
					"$(inherited)",
				);
				GCC_WARN_64_TO_32_BIT_CONVERSION = YES;
				GCC_WARN_ABOUT_RETURN_TYPE = YES_ERROR;
				GCC_WARN_UNDECLARED_SELECTOR = YES;
				GCC_WARN_UNINITIALIZED_AUTOS = YES_AGGRESSIVE;
				GCC_WARN_UNUSED_FUNCTION = YES;
				GCC_WARN_UNUSED_VARIABLE = YES;
				IPHONEOS_DEPLOYMENT_TARGET = 16.4;
				MTL_ENABLE_DEBUG_INFO = INCLUDE_SOURCE;
				MTL_FAST_MATH = YES;
				ONLY_ACTIVE_ARCH = YES;
				SDKROOT = iphoneos;
				SWIFT_ACTIVE_COMPILATION_CONDITIONS = DEBUG;
				SWIFT_OPTIMIZATION_LEVEL = "-Onone";
			};
			name = Debug;
		};
		DDDF63ED2A644B1100396F86 /* Release */ = {
			isa = XCBuildConfiguration;
			buildSettings = {
				ALWAYS_SEARCH_USER_PATHS = NO;
				CLANG_ANALYZER_NONNULL = YES;
				CLANG_ANALYZER_NUMBER_OBJECT_CONVERSION = YES_AGGRESSIVE;
				CLANG_CXX_LANGUAGE_STANDARD = "gnu++20";
				CLANG_ENABLE_MODULES = YES;
				CLANG_ENABLE_OBJC_ARC = YES;
				CLANG_ENABLE_OBJC_WEAK = YES;
				CLANG_WARN_BLOCK_CAPTURE_AUTORELEASING = YES;
				CLANG_WARN_BOOL_CONVERSION = YES;
				CLANG_WARN_COMMA = YES;
				CLANG_WARN_CONSTANT_CONVERSION = YES;
				CLANG_WARN_DEPRECATED_OBJC_IMPLEMENTATIONS = YES;
				CLANG_WARN_DIRECT_OBJC_ISA_USAGE = YES_ERROR;
				CLANG_WARN_DOCUMENTATION_COMMENTS = YES;
				CLANG_WARN_EMPTY_BODY = YES;
				CLANG_WARN_ENUM_CONVERSION = YES;
				CLANG_WARN_INFINITE_RECURSION = YES;
				CLANG_WARN_INT_CONVERSION = YES;
				CLANG_WARN_NON_LITERAL_NULL_CONVERSION = YES;
				CLANG_WARN_OBJC_IMPLICIT_RETAIN_SELF = YES;
				CLANG_WARN_OBJC_LITERAL_CONVERSION = YES;
				CLANG_WARN_OBJC_ROOT_CLASS = YES_ERROR;
				CLANG_WARN_QUOTED_INCLUDE_IN_FRAMEWORK_HEADER = YES;
				CLANG_WARN_RANGE_LOOP_ANALYSIS = YES;
				CLANG_WARN_STRICT_PROTOTYPES = YES;
				CLANG_WARN_SUSPICIOUS_MOVE = YES;
				CLANG_WARN_UNGUARDED_AVAILABILITY = YES_AGGRESSIVE;
				CLANG_WARN_UNREACHABLE_CODE = YES;
				CLANG_WARN__DUPLICATE_METHOD_MATCH = YES;
				COPY_PHASE_STRIP = NO;
				DEBUG_INFORMATION_FORMAT = "dwarf-with-dsym";
				ENABLE_NS_ASSERTIONS = NO;
				ENABLE_STRICT_OBJC_MSGSEND = YES;
				GCC_C_LANGUAGE_STANDARD = gnu11;
				GCC_NO_COMMON_BLOCKS = YES;
				GCC_WARN_64_TO_32_BIT_CONVERSION = YES;
				GCC_WARN_ABOUT_RETURN_TYPE = YES_ERROR;
				GCC_WARN_UNDECLARED_SELECTOR = YES;
				GCC_WARN_UNINITIALIZED_AUTOS = YES_AGGRESSIVE;
				GCC_WARN_UNUSED_FUNCTION = YES;
				GCC_WARN_UNUSED_VARIABLE = YES;
				IPHONEOS_DEPLOYMENT_TARGET = 16.4;
				MTL_ENABLE_DEBUG_INFO = NO;
				MTL_FAST_MATH = YES;
				SDKROOT = iphoneos;
				SWIFT_COMPILATION_MODE = wholemodule;
				SWIFT_OPTIMIZATION_LEVEL = "-O";
				VALIDATE_PRODUCT = YES;
			};
			name = Release;
		};
		DDDF63EF2A644B1100396F86 /* Debug */ = {
			isa = XCBuildConfiguration;
			buildSettings = {
				ASSETCATALOG_COMPILER_APPICON_NAME = AppIcon;
				ASSETCATALOG_COMPILER_GLOBAL_ACCENT_COLOR_NAME = AccentColor;
				CODE_SIGN_STYLE = Automatic;
				CURRENT_PROJECT_VERSION = 1;
				DEVELOPMENT_TEAM = ZW3N55LCY7;
				GENERATE_INFOPLIST_FILE = YES;
				INFOPLIST_FILE = MoneyBee/Info.plist;
				INFOPLIST_KEY_UIApplicationSupportsIndirectInputEvents = YES;
				INFOPLIST_KEY_UILaunchStoryboardName = LaunchScreen;
				INFOPLIST_KEY_UISupportedInterfaceOrientations = UIInterfaceOrientationPortrait;
				LD_RUNPATH_SEARCH_PATHS = (
					"$(inherited)",
					"@executable_path/Frameworks",
				);
				MARKETING_VERSION = 1.0;
				PRODUCT_BUNDLE_IDENTIFIER = "my-team.MoneyBee";
				PRODUCT_NAME = "$(TARGET_NAME)";
				SUPPORTED_PLATFORMS = "iphoneos iphonesimulator";
				SUPPORTS_MACCATALYST = NO;
				SUPPORTS_MAC_DESIGNED_FOR_IPHONE_IPAD = YES;
				SWIFT_EMIT_LOC_STRINGS = YES;
				SWIFT_VERSION = 5.0;
				TARGETED_DEVICE_FAMILY = 1;
			};
			name = Debug;
		};
		DDDF63F02A644B1100396F86 /* Release */ = {
			isa = XCBuildConfiguration;
			buildSettings = {
				ASSETCATALOG_COMPILER_APPICON_NAME = AppIcon;
				ASSETCATALOG_COMPILER_GLOBAL_ACCENT_COLOR_NAME = AccentColor;
				CODE_SIGN_STYLE = Automatic;
				CURRENT_PROJECT_VERSION = 1;
				DEVELOPMENT_TEAM = ZW3N55LCY7;
				GENERATE_INFOPLIST_FILE = YES;
				INFOPLIST_FILE = MoneyBee/Info.plist;
				INFOPLIST_KEY_UIApplicationSupportsIndirectInputEvents = YES;
				INFOPLIST_KEY_UILaunchStoryboardName = LaunchScreen;
				INFOPLIST_KEY_UISupportedInterfaceOrientations = UIInterfaceOrientationPortrait;
				LD_RUNPATH_SEARCH_PATHS = (
					"$(inherited)",
					"@executable_path/Frameworks",
				);
				MARKETING_VERSION = 1.0;
				PRODUCT_BUNDLE_IDENTIFIER = "my-team.MoneyBee";
				PRODUCT_NAME = "$(TARGET_NAME)";
				SUPPORTED_PLATFORMS = "iphoneos iphonesimulator";
				SUPPORTS_MACCATALYST = NO;
				SUPPORTS_MAC_DESIGNED_FOR_IPHONE_IPAD = YES;
				SWIFT_EMIT_LOC_STRINGS = YES;
				SWIFT_VERSION = 5.0;
				TARGETED_DEVICE_FAMILY = 1;
			};
			name = Release;
		};
/* End XCBuildConfiguration section */

/* Begin XCConfigurationList section */
		DDDF63D52A644B1000396F86 /* Build configuration list for PBXProject "MoneyBee" */ = {
			isa = XCConfigurationList;
			buildConfigurations = (
				DDDF63EC2A644B1100396F86 /* Debug */,
				DDDF63ED2A644B1100396F86 /* Release */,
			);
			defaultConfigurationIsVisible = 0;
			defaultConfigurationName = Release;
		};
		DDDF63EE2A644B1100396F86 /* Build configuration list for PBXNativeTarget "MoneyBee" */ = {
			isa = XCConfigurationList;
			buildConfigurations = (
				DDDF63EF2A644B1100396F86 /* Debug */,
				DDDF63F02A644B1100396F86 /* Release */,
			);
			defaultConfigurationIsVisible = 0;
			defaultConfigurationName = Release;
		};
/* End XCConfigurationList section */

/* Begin XCRemoteSwiftPackageReference section */
		DDDF64002A644D0900396F86 /* XCRemoteSwiftPackageReference "Stevia" */ = {
			isa = XCRemoteSwiftPackageReference;
			repositoryURL = "https://github.com/freshOS/Stevia";
			requirement = {
				kind = upToNextMajorVersion;
				minimumVersion = 5.0.0;
			};
		};
/* End XCRemoteSwiftPackageReference section */

/* Begin XCSwiftPackageProductDependency section */
		DDDF64012A644D0900396F86 /* Stevia */ = {
			isa = XCSwiftPackageProductDependency;
			package = DDDF64002A644D0900396F86 /* XCRemoteSwiftPackageReference "Stevia" */;
			productName = Stevia;
		};
/* End XCSwiftPackageProductDependency section */
	};
	rootObject = DDDF63D22A644B1000396F86 /* Project object */;
}
